PODS:
  - CocoaLumberjack (3.1.0):
    - CocoaLumberjack/Default (= 3.1.0)
    - CocoaLumberjack/Extensions (= 3.1.0)
  - CocoaLumberjack/Default (3.1.0)
  - CocoaLumberjack/Extensions (3.1.0):
    - CocoaLumberjack/Default
  - JSONKit (1.4)
  - JTSImageViewController (1.5.1)
  - MessagePack (1.0.0)
  - Q (0.9.0)
  - SSKeychain (1.4.1)
  - SWRevealViewController (2.3.0)
  - ZipArchive (1.4.0)

DEPENDENCIES:
  - CocoaLumberjack
  - JSONKit
  - JTSImageViewController
  - MessagePack
  - Q
  - SSKeychain
  - SWRevealViewController
  - ZipArchive

SPEC CHECKSUMS:
  CocoaLumberjack: 8311463ddf9ee86a06ef92a071dd656c89244500
  JSONKit: 5b69e804ea54d99293eed0fd2ce596c5703fefb0
  JTSImageViewController: 1f8ce1cc93dab0d0af8e53badeea7528560cfec9
  MessagePack: 6ef1d8f7c4b4021cf0b257d61ec5e8b4f3e9831c
  Q: 003eeabd4b114fbaeec65d4bd970174fc6f4c71b
  SSKeychain: 55cc80f66f5c73da827e3077f02e43528897db41
  SWRevealViewController: 6d3fd97f70112fd7cef9de14df4260eacce4c63a
  ZipArchive: e25a4373192673e3229ac8d6e9f64a3e5713c966

PODFILE CHECKSUM: 0de36532e74fad1035a108082002aef005d9d990

COCOAPODS: 1.0.1
