// !$*UTF8*$!
{
	archiveVersion = 1;
	classes = {
	};
	objectVersion = 46;
	objects = {

/* Begin PBXBuildFile section */
		071463821E312082005263CF /* IFDirmapSchemeHandler.h in Headers */ = {isa = PBXBuildFile; fileRef = 071463801E312082005263CF /* IFDirmapSchemeHandler.h */; };
		071463831E312082005263CF /* IFDirmapSchemeHandler.m in Sources */ = {isa = PBXBuildFile; fileRef = 071463811E312082005263CF /* IFDirmapSchemeHandler.m */; };
		07190CB11C8054A400CE8F22 /* IFPostScheme.h in Headers */ = {isa = PBXBuildFile; fileRef = 07190CAE1C8054A400CE8F22 /* IFPostScheme.h */; };
		07190CB21C8054A400CE8F22 /* IFPostScheme.m in Sources */ = {isa = PBXBuildFile; fileRef = 07190CAF1C8054A400CE8F22 /* IFPostScheme.m */; };
		072DA4A01C848D680023FAEC /* JTSAnimatedGIFUtility.h in Headers */ = {isa = PBXBuildFile; fileRef = 072DA4941C848D680023FAEC /* JTSAnimatedGIFUtility.h */; };
		072DA4A11C848D680023FAEC /* JTSAnimatedGIFUtility.m in Sources */ = {isa = PBXBuildFile; fileRef = 072DA4951C848D680023FAEC /* JTSAnimatedGIFUtility.m */; };
		072DA4A21C848D680023FAEC /* JTSImageInfo.h in Headers */ = {isa = PBXBuildFile; fileRef = 072DA4961C848D680023FAEC /* JTSImageInfo.h */; };
		072DA4A31C848D680023FAEC /* JTSImageInfo.m in Sources */ = {isa = PBXBuildFile; fileRef = 072DA4971C848D680023FAEC /* JTSImageInfo.m */; };
		072DA4A41C848D680023FAEC /* JTSImageViewController.h in Headers */ = {isa = PBXBuildFile; fileRef = 072DA4981C848D680023FAEC /* JTSImageViewController.h */; };
		072DA4A51C848D680023FAEC /* JTSImageViewController.m in Sources */ = {isa = PBXBuildFile; fileRef = 072DA4991C848D680023FAEC /* JTSImageViewController.m */; };
		072DA4A61C848D680023FAEC /* JTSSimpleImageDownloader.h in Headers */ = {isa = PBXBuildFile; fileRef = 072DA49A1C848D680023FAEC /* JTSSimpleImageDownloader.h */; };
		072DA4A71C848D680023FAEC /* JTSSimpleImageDownloader.m in Sources */ = {isa = PBXBuildFile; fileRef = 072DA49B1C848D680023FAEC /* JTSSimpleImageDownloader.m */; };
		072DA4A81C848D680023FAEC /* UIApplication+JTSImageViewController.h in Headers */ = {isa = PBXBuildFile; fileRef = 072DA49C1C848D680023FAEC /* UIApplication+JTSImageViewController.h */; };
		072DA4A91C848D680023FAEC /* UIApplication+JTSImageViewController.m in Sources */ = {isa = PBXBuildFile; fileRef = 072DA49D1C848D680023FAEC /* UIApplication+JTSImageViewController.m */; };
		072DA4AA1C848D680023FAEC /* UIImage+JTSImageEffects.h in Headers */ = {isa = PBXBuildFile; fileRef = 072DA49E1C848D680023FAEC /* UIImage+JTSImageEffects.h */; };
		072DA4AB1C848D680023FAEC /* UIImage+JTSImageEffects.m in Sources */ = {isa = PBXBuildFile; fileRef = 072DA49F1C848D680023FAEC /* UIImage+JTSImageEffects.m */; };
		072DA4AE1C848E4B0023FAEC /* UIViewController+ImageView.h in Headers */ = {isa = PBXBuildFile; fileRef = 072DA4AC1C848E4B0023FAEC /* UIViewController+ImageView.h */; };
		072DA4AF1C848E4B0023FAEC /* UIViewController+ImageView.m in Sources */ = {isa = PBXBuildFile; fileRef = 072DA4AD1C848E4B0023FAEC /* UIViewController+ImageView.m */; };
		072DA4B41C8491070023FAEC /* UIImage+CropScale.h in Headers */ = {isa = PBXBuildFile; fileRef = 072DA4B01C8491070023FAEC /* UIImage+CropScale.h */; };
		072DA4B51C8491070023FAEC /* UIImage+CropScale.m in Sources */ = {isa = PBXBuildFile; fileRef = 072DA4B11C8491070023FAEC /* UIImage+CropScale.m */; };
		072DA4B61C8491070023FAEC /* UIViewController+Toast.h in Headers */ = {isa = PBXBuildFile; fileRef = 072DA4B21C8491070023FAEC /* UIViewController+Toast.h */; };
		072DA4B71C8491070023FAEC /* UIViewController+Toast.m in Sources */ = {isa = PBXBuildFile; fileRef = 072DA4B31C8491070023FAEC /* UIViewController+Toast.m */; };
		074C3DC31C944D32009BBEEF /* IFViewBehaviour.h in Headers */ = {isa = PBXBuildFile; fileRef = 074C3DC21C944D32009BBEEF /* IFViewBehaviour.h */; };
		074C3DC61C944FC3009BBEEF /* IFViewBehaviourObject.h in Headers */ = {isa = PBXBuildFile; fileRef = 074C3DC41C944FC3009BBEEF /* IFViewBehaviourObject.h */; };
		074C3DC71C944FC3009BBEEF /* IFViewBehaviourObject.m in Sources */ = {isa = PBXBuildFile; fileRef = 074C3DC51C944FC3009BBEEF /* IFViewBehaviourObject.m */; };
		076DA48D1DA660AE00E63F0D /* SCFFLD-app.h in Headers */ = {isa = PBXBuildFile; fileRef = 076DA4881DA660AE00E63F0D /* SCFFLD-app.h */; };
		076DA48E1DA660AE00E63F0D /* SCFFLD-ioc.h in Headers */ = {isa = PBXBuildFile; fileRef = 076DA4891DA660AE00E63F0D /* SCFFLD-ioc.h */; };
		076DA48F1DA660AE00E63F0D /* SCFFLD-ui.h in Headers */ = {isa = PBXBuildFile; fileRef = 076DA48A1DA660AE00E63F0D /* SCFFLD-ui.h */; };
		076DA4901DA660AE00E63F0D /* SCFFLD-uri.h in Headers */ = {isa = PBXBuildFile; fileRef = 076DA48B1DA660AE00E63F0D /* SCFFLD-uri.h */; };
		076DA4911DA660AE00E63F0D /* SCFFLD-util.h in Headers */ = {isa = PBXBuildFile; fileRef = 076DA48C1DA660AE00E63F0D /* SCFFLD-util.h */; };
		077C195C1D9C0D4A00783E9D /* IFIOCSingleton.h in Headers */ = {isa = PBXBuildFile; fileRef = 077C195B1D9C0D4A00783E9D /* IFIOCSingleton.h */; };
		078BBBD91CBED3EB00E4DE02 /* IFURIValueFormatter.h in Headers */ = {isa = PBXBuildFile; fileRef = 078BBBD81CBED3EB00E4DE02 /* IFURIValueFormatter.h */; };
		07933EF61C8A588B003D6227 /* IFUILabelProxy.h in Headers */ = {isa = PBXBuildFile; fileRef = 07933EF41C8A588B003D6227 /* IFUILabelProxy.h */; };
		07933EF71C8A588B003D6227 /* IFUILabelProxy.m in Sources */ = {isa = PBXBuildFile; fileRef = 07933EF51C8A588B003D6227 /* IFUILabelProxy.m */; };
		07933EFE1C8F7DF2003D6227 /* IFTextStyle.h in Headers */ = {isa = PBXBuildFile; fileRef = 07933EFC1C8F7DF2003D6227 /* IFTextStyle.h */; };
		07933EFF1C8F7DF2003D6227 /* IFTextStyle.m in Sources */ = {isa = PBXBuildFile; fileRef = 07933EFD1C8F7DF2003D6227 /* IFTextStyle.m */; };
		07933F021C8F7EE8003D6227 /* IFUITextFieldProxy.h in Headers */ = {isa = PBXBuildFile; fileRef = 07933F001C8F7EE8003D6227 /* IFUITextFieldProxy.h */; };
		07933F031C8F7EE8003D6227 /* IFUITextFieldProxy.m in Sources */ = {isa = PBXBuildFile; fileRef = 07933F011C8F7EE8003D6227 /* IFUITextFieldProxy.m */; };
		07933F061C8F801C003D6227 /* IFUIBarButtonItemProxy.h in Headers */ = {isa = PBXBuildFile; fileRef = 07933F041C8F801C003D6227 /* IFUIBarButtonItemProxy.h */; };
		07933F071C8F801C003D6227 /* IFUIBarButtonItemProxy.m in Sources */ = {isa = PBXBuildFile; fileRef = 07933F051C8F801C003D6227 /* IFUIBarButtonItemProxy.m */; };
		07933F0B1C8F8A8F003D6227 /* IFActionProxy.h in Headers */ = {isa = PBXBuildFile; fileRef = 07933F0A1C8F8A8F003D6227 /* IFActionProxy.h */; };
		07BD8A2C1C76531C0058D7A8 /* UIKit.framework in Frameworks */ = {isa = PBXBuildFile; fileRef = 07BD8A2B1C76531C0058D7A8 /* UIKit.framework */; };
		07BD8A2E1C7653260058D7A8 /* Foundation.framework in Frameworks */ = {isa = PBXBuildFile; fileRef = 07BD8A2D1C7653260058D7A8 /* Foundation.framework */; };
		07BD8A781C7653670058D7A8 /* IFAppContainer.h in Headers */ = {isa = PBXBuildFile; fileRef = 07BD8A651C7653670058D7A8 /* IFAppContainer.h */; };
		07BD8A791C7653670058D7A8 /* IFAppContainer.m in Sources */ = {isa = PBXBuildFile; fileRef = 07BD8A661C7653670058D7A8 /* IFAppContainer.m */; };
		07BD8A7E1C7653670058D7A8 /* IFMakeScheme.h in Headers */ = {isa = PBXBuildFile; fileRef = 07BD8A6B1C7653670058D7A8 /* IFMakeScheme.h */; };
		07BD8A7F1C7653670058D7A8 /* IFMakeScheme.m in Sources */ = {isa = PBXBuildFile; fileRef = 07BD8A6C1C7653670058D7A8 /* IFMakeScheme.m */; };
		07BD8A801C7653670058D7A8 /* IFNamedScheme.h in Headers */ = {isa = PBXBuildFile; fileRef = 07BD8A6D1C7653670058D7A8 /* IFNamedScheme.h */; };
		07BD8A811C7653670058D7A8 /* IFNamedScheme.m in Sources */ = {isa = PBXBuildFile; fileRef = 07BD8A6E1C7653670058D7A8 /* IFNamedScheme.m */; };
		07BD8A821C7653670058D7A8 /* IFNewScheme.h in Headers */ = {isa = PBXBuildFile; fileRef = 07BD8A6F1C7653670058D7A8 /* IFNewScheme.h */; };
		07BD8A831C7653670058D7A8 /* IFNewScheme.m in Sources */ = {isa = PBXBuildFile; fileRef = 07BD8A701C7653670058D7A8 /* IFNewScheme.m */; };
		07BD8A991C76537E0058D7A8 /* IFNavigationViewController.h in Headers */ = {isa = PBXBuildFile; fileRef = 07BD8A8B1C76537E0058D7A8 /* IFNavigationViewController.h */; };
		07BD8A9A1C76537E0058D7A8 /* IFNavigationViewController.m in Sources */ = {isa = PBXBuildFile; fileRef = 07BD8A8C1C76537E0058D7A8 /* IFNavigationViewController.m */; };
		07BD8A9B1C76537E0058D7A8 /* IFSlideViewController.h in Headers */ = {isa = PBXBuildFile; fileRef = 07BD8A8D1C76537E0058D7A8 /* IFSlideViewController.h */; };
		07BD8A9C1C76537E0058D7A8 /* IFSlideViewController.m in Sources */ = {isa = PBXBuildFile; fileRef = 07BD8A8E1C76537E0058D7A8 /* IFSlideViewController.m */; };
		07BD8A9D1C76537E0058D7A8 /* IFTableData.h in Headers */ = {isa = PBXBuildFile; fileRef = 07BD8A8F1C76537E0058D7A8 /* IFTableData.h */; };
		07BD8A9E1C76537E0058D7A8 /* IFTableData.m in Sources */ = {isa = PBXBuildFile; fileRef = 07BD8A901C76537E0058D7A8 /* IFTableData.m */; };
		07BD8A9F1C76537E0058D7A8 /* IFTableViewCellFactory.h in Headers */ = {isa = PBXBuildFile; fileRef = 07BD8A911C76537E0058D7A8 /* IFTableViewCellFactory.h */; };
		07BD8AA01C76537E0058D7A8 /* IFTableViewCellFactory.m in Sources */ = {isa = PBXBuildFile; fileRef = 07BD8A921C76537E0058D7A8 /* IFTableViewCellFactory.m */; };
		07BD8AA11C76537E0058D7A8 /* IFTableViewController.h in Headers */ = {isa = PBXBuildFile; fileRef = 07BD8A931C76537E0058D7A8 /* IFTableViewController.h */; };
		07BD8AA21C76537E0058D7A8 /* IFTableViewController.m in Sources */ = {isa = PBXBuildFile; fileRef = 07BD8A941C76537E0058D7A8 /* IFTableViewController.m */; };
		07BD8AA31C76537E0058D7A8 /* IFViewController.h in Headers */ = {isa = PBXBuildFile; fileRef = 07BD8A951C76537E0058D7A8 /* IFViewController.h */; };
		07BD8AA41C76537E0058D7A8 /* IFViewController.m in Sources */ = {isa = PBXBuildFile; fileRef = 07BD8A961C76537E0058D7A8 /* IFViewController.m */; };
		07BD8AA51C76537E0058D7A8 /* IFWebViewController.h in Headers */ = {isa = PBXBuildFile; fileRef = 07BD8A971C76537E0058D7A8 /* IFWebViewController.h */; };
		07BD8AA61C76537E0058D7A8 /* IFWebViewController.m in Sources */ = {isa = PBXBuildFile; fileRef = 07BD8A981C76537E0058D7A8 /* IFWebViewController.m */; };
		07BD8AB91C7653930058D7A8 /* IFCompoundURI.h in Headers */ = {isa = PBXBuildFile; fileRef = 07BD8AA81C7653930058D7A8 /* IFCompoundURI.h */; };
		07BD8ABA1C7653930058D7A8 /* IFCompoundURI.m in Sources */ = {isa = PBXBuildFile; fileRef = 07BD8AA91C7653930058D7A8 /* IFCompoundURI.m */; };
		07BD8ABB1C7653930058D7A8 /* IFFileBasedSchemeHandler.h in Headers */ = {isa = PBXBuildFile; fileRef = 07BD8AAA1C7653930058D7A8 /* IFFileBasedSchemeHandler.h */; };
		07BD8ABC1C7653930058D7A8 /* IFFileBasedSchemeHandler.m in Sources */ = {isa = PBXBuildFile; fileRef = 07BD8AAB1C7653930058D7A8 /* IFFileBasedSchemeHandler.m */; };
		07BD8ABD1C7653930058D7A8 /* IFFileResource.h in Headers */ = {isa = PBXBuildFile; fileRef = 07BD8AAC1C7653930058D7A8 /* IFFileResource.h */; };
		07BD8ABE1C7653930058D7A8 /* IFFileResource.m in Sources */ = {isa = PBXBuildFile; fileRef = 07BD8AAD1C7653930058D7A8 /* IFFileResource.m */; };
		07BD8ABF1C7653930058D7A8 /* IFLocalSchemeHandler.h in Headers */ = {isa = PBXBuildFile; fileRef = 07BD8AAE1C7653930058D7A8 /* IFLocalSchemeHandler.h */; };
		07BD8AC01C7653930058D7A8 /* IFLocalSchemeHandler.m in Sources */ = {isa = PBXBuildFile; fileRef = 07BD8AAF1C7653930058D7A8 /* IFLocalSchemeHandler.m */; };
		07BD8AC11C7653930058D7A8 /* IFReprSchemeHandler.h in Headers */ = {isa = PBXBuildFile; fileRef = 07BD8AB01C7653930058D7A8 /* IFReprSchemeHandler.h */; };
		07BD8AC21C7653930058D7A8 /* IFReprSchemeHandler.m in Sources */ = {isa = PBXBuildFile; fileRef = 07BD8AB11C7653930058D7A8 /* IFReprSchemeHandler.m */; };
		07BD8AC31C7653930058D7A8 /* IFResource.h in Headers */ = {isa = PBXBuildFile; fileRef = 07BD8AB21C7653930058D7A8 /* IFResource.h */; };
		07BD8AC41C7653930058D7A8 /* IFResource.m in Sources */ = {isa = PBXBuildFile; fileRef = 07BD8AB31C7653930058D7A8 /* IFResource.m */; };
		07BD8AC51C7653930058D7A8 /* IFStandardURIHandler.h in Headers */ = {isa = PBXBuildFile; fileRef = 07BD8AB41C7653930058D7A8 /* IFStandardURIHandler.h */; };
		07BD8AC61C7653930058D7A8 /* IFStandardURIHandler.m in Sources */ = {isa = PBXBuildFile; fileRef = 07BD8AB51C7653930058D7A8 /* IFStandardURIHandler.m */; };
		07BD8AC71C7653930058D7A8 /* IFStringSchemeHandler.h in Headers */ = {isa = PBXBuildFile; fileRef = 07BD8AB61C7653930058D7A8 /* IFStringSchemeHandler.h */; };
		07BD8AC81C7653930058D7A8 /* IFStringSchemeHandler.m in Sources */ = {isa = PBXBuildFile; fileRef = 07BD8AB71C7653930058D7A8 /* IFStringSchemeHandler.m */; };
		07BD8AC91C7653930058D7A8 /* IFURIHandling.h in Headers */ = {isa = PBXBuildFile; fileRef = 07BD8AB81C7653930058D7A8 /* IFURIHandling.h */; };
		07BD8AE81C7653AD0058D7A8 /* IFFileIO.h in Headers */ = {isa = PBXBuildFile; fileRef = 07BD8ACB1C7653AD0058D7A8 /* IFFileIO.h */; };
		07BD8AE91C7653AD0058D7A8 /* IFFileIO.m in Sources */ = {isa = PBXBuildFile; fileRef = 07BD8ACC1C7653AD0058D7A8 /* IFFileIO.m */; };
		07BD8AEC1C7653AD0058D7A8 /* IFI18nMap.h in Headers */ = {isa = PBXBuildFile; fileRef = 07BD8ACF1C7653AD0058D7A8 /* IFI18nMap.h */; };
		07BD8AED1C7653AD0058D7A8 /* IFI18nMap.m in Sources */ = {isa = PBXBuildFile; fileRef = 07BD8AD01C7653AD0058D7A8 /* IFI18nMap.m */; };
		07BD8AF01C7653AD0058D7A8 /* IFLocals.h in Headers */ = {isa = PBXBuildFile; fileRef = 07BD8AD31C7653AD0058D7A8 /* IFLocals.h */; };
		07BD8AF11C7653AD0058D7A8 /* IFLocals.m in Sources */ = {isa = PBXBuildFile; fileRef = 07BD8AD41C7653AD0058D7A8 /* IFLocals.m */; };
		07BD8AF21C7653AD0058D7A8 /* IFLogger.h in Headers */ = {isa = PBXBuildFile; fileRef = 07BD8AD51C7653AD0058D7A8 /* IFLogger.h */; };
		07BD8AF31C7653AD0058D7A8 /* IFLogger.m in Sources */ = {isa = PBXBuildFile; fileRef = 07BD8AD61C7653AD0058D7A8 /* IFLogger.m */; };
		07BD8AF51C7653AD0058D7A8 /* IFRegExp.h in Headers */ = {isa = PBXBuildFile; fileRef = 07BD8AD81C7653AD0058D7A8 /* IFRegExp.h */; };
		07BD8AF61C7653AD0058D7A8 /* IFRegExp.m in Sources */ = {isa = PBXBuildFile; fileRef = 07BD8AD91C7653AD0058D7A8 /* IFRegExp.m */; };
		07BD8AF71C7653AD0058D7A8 /* IFStringTemplate.h in Headers */ = {isa = PBXBuildFile; fileRef = 07BD8ADA1C7653AD0058D7A8 /* IFStringTemplate.h */; };
		07BD8AF81C7653AD0058D7A8 /* IFStringTemplate.m in Sources */ = {isa = PBXBuildFile; fileRef = 07BD8ADB1C7653AD0058D7A8 /* IFStringTemplate.m */; };
		07BD8AF91C7653AD0058D7A8 /* IFTypeConversions.h in Headers */ = {isa = PBXBuildFile; fileRef = 07BD8ADC1C7653AD0058D7A8 /* IFTypeConversions.h */; };
		07BD8AFA1C7653AD0058D7A8 /* IFTypeConversions.m in Sources */ = {isa = PBXBuildFile; fileRef = 07BD8ADD1C7653AD0058D7A8 /* IFTypeConversions.m */; };
		07BD8AFB1C7653AD0058D7A8 /* IFTypeInfo.h in Headers */ = {isa = PBXBuildFile; fileRef = 07BD8ADE1C7653AD0058D7A8 /* IFTypeInfo.h */; };
		07BD8AFC1C7653AD0058D7A8 /* IFTypeInfo.m in Sources */ = {isa = PBXBuildFile; fileRef = 07BD8ADF1C7653AD0058D7A8 /* IFTypeInfo.m */; };
		07BD8AFD1C7653AD0058D7A8 /* NSArray+IF.h in Headers */ = {isa = PBXBuildFile; fileRef = 07BD8AE01C7653AD0058D7A8 /* NSArray+IF.h */; };
		07BD8AFE1C7653AD0058D7A8 /* NSArray+IF.m in Sources */ = {isa = PBXBuildFile; fileRef = 07BD8AE11C7653AD0058D7A8 /* NSArray+IF.m */; };
		07BD8AFF1C7653AD0058D7A8 /* NSDictionary+IF.h in Headers */ = {isa = PBXBuildFile; fileRef = 07BD8AE21C7653AD0058D7A8 /* NSDictionary+IF.h */; };
		07BD8B001C7653AD0058D7A8 /* NSDictionary+IF.m in Sources */ = {isa = PBXBuildFile; fileRef = 07BD8AE31C7653AD0058D7A8 /* NSDictionary+IF.m */; };
		07BD8B011C7653AD0058D7A8 /* NSString+IF.h in Headers */ = {isa = PBXBuildFile; fileRef = 07BD8AE41C7653AD0058D7A8 /* NSString+IF.h */; };
		07BD8B021C7653AD0058D7A8 /* NSString+IF.m in Sources */ = {isa = PBXBuildFile; fileRef = 07BD8AE51C7653AD0058D7A8 /* NSString+IF.m */; };
		07BD8B031C7653AD0058D7A8 /* UIColor+IF.h in Headers */ = {isa = PBXBuildFile; fileRef = 07BD8AE61C7653AD0058D7A8 /* UIColor+IF.h */; };
		07BD8B041C7653AD0058D7A8 /* UIColor+IF.m in Sources */ = {isa = PBXBuildFile; fileRef = 07BD8AE71C7653AD0058D7A8 /* UIColor+IF.m */; };
		07BD8B401C7653FC0058D7A8 /* ISO8601DateFormatter.h in Headers */ = {isa = PBXBuildFile; fileRef = 07BD8B281C7653FC0058D7A8 /* ISO8601DateFormatter.h */; };
		07BD8B411C7653FC0058D7A8 /* ISO8601DateFormatter.m in Sources */ = {isa = PBXBuildFile; fileRef = 07BD8B291C7653FC0058D7A8 /* ISO8601DateFormatter.m */; settings = {COMPILER_FLAGS = "-fno-objc-arc"; }; };
		07BD8B421C7653FC0058D7A8 /* JSONKit.h in Headers */ = {isa = PBXBuildFile; fileRef = 07BD8B2B1C7653FC0058D7A8 /* JSONKit.h */; };
		07BD8B431C7653FC0058D7A8 /* JSONKit.m in Sources */ = {isa = PBXBuildFile; fileRef = 07BD8B2C1C7653FC0058D7A8 /* JSONKit.m */; settings = {COMPILER_FLAGS = "-fno-objc-arc"; }; };
		07BD8B441C7653FC0058D7A8 /* SWRevealViewController.h in Headers */ = {isa = PBXBuildFile; fileRef = 07BD8B2E1C7653FC0058D7A8 /* SWRevealViewController.h */; };
		07BD8B451C7653FC0058D7A8 /* SWRevealViewController.m in Sources */ = {isa = PBXBuildFile; fileRef = 07BD8B2F1C7653FC0058D7A8 /* SWRevealViewController.m */; };
		07BD8B461C7653FC0058D7A8 /* UIView+Toast.h in Headers */ = {isa = PBXBuildFile; fileRef = 07BD8B311C7653FC0058D7A8 /* UIView+Toast.h */; };
		07BD8B471C7653FC0058D7A8 /* UIView+Toast.m in Sources */ = {isa = PBXBuildFile; fileRef = 07BD8B321C7653FC0058D7A8 /* UIView+Toast.m */; };
		07BD8B481C7653FC0058D7A8 /* crypt.h in Headers */ = {isa = PBXBuildFile; fileRef = 07BD8B351C7653FC0058D7A8 /* crypt.h */; };
		07BD8B491C7653FC0058D7A8 /* ioapi.c in Sources */ = {isa = PBXBuildFile; fileRef = 07BD8B361C7653FC0058D7A8 /* ioapi.c */; };
		07BD8B4A1C7653FC0058D7A8 /* ioapi.h in Headers */ = {isa = PBXBuildFile; fileRef = 07BD8B371C7653FC0058D7A8 /* ioapi.h */; };
		07BD8B4B1C7653FC0058D7A8 /* mztools.c in Sources */ = {isa = PBXBuildFile; fileRef = 07BD8B381C7653FC0058D7A8 /* mztools.c */; };
		07BD8B4C1C7653FC0058D7A8 /* mztools.h in Headers */ = {isa = PBXBuildFile; fileRef = 07BD8B391C7653FC0058D7A8 /* mztools.h */; };
		07BD8B4D1C7653FC0058D7A8 /* unzip.c in Sources */ = {isa = PBXBuildFile; fileRef = 07BD8B3A1C7653FC0058D7A8 /* unzip.c */; };
		07BD8B4E1C7653FC0058D7A8 /* unzip.h in Headers */ = {isa = PBXBuildFile; fileRef = 07BD8B3B1C7653FC0058D7A8 /* unzip.h */; };
		07BD8B4F1C7653FC0058D7A8 /* zip.c in Sources */ = {isa = PBXBuildFile; fileRef = 07BD8B3C1C7653FC0058D7A8 /* zip.c */; };
		07BD8B501C7653FC0058D7A8 /* zip.h in Headers */ = {isa = PBXBuildFile; fileRef = 07BD8B3D1C7653FC0058D7A8 /* zip.h */; };
		07BD8B511C7653FC0058D7A8 /* ZipArchive.h in Headers */ = {isa = PBXBuildFile; fileRef = 07BD8B3E1C7653FC0058D7A8 /* ZipArchive.h */; };
		07BD8B521C7653FC0058D7A8 /* ZipArchive.mm in Sources */ = {isa = PBXBuildFile; fileRef = 07BD8B3F1C7653FC0058D7A8 /* ZipArchive.mm */; settings = {COMPILER_FLAGS = "-fno-objc-arc"; }; };
		07BD8B5B1C7654ED0058D7A8 /* SCFFLD-Prefix.pch in Headers */ = {isa = PBXBuildFile; fileRef = 07BD8B551C7654ED0058D7A8 /* SCFFLD-Prefix.pch */; };
		07D760F91D9578CC0043F371 /* IFConfigurable.h in Headers */ = {isa = PBXBuildFile; fileRef = 07D760D61D9578CC0043F371 /* IFConfigurable.h */; };
		07D760FA1D9578CC0043F371 /* IFConfiguration.h in Headers */ = {isa = PBXBuildFile; fileRef = 07D760D71D9578CC0043F371 /* IFConfiguration.h */; };
		07D760FB1D9578CC0043F371 /* IFConfiguration.m in Sources */ = {isa = PBXBuildFile; fileRef = 07D760D81D9578CC0043F371 /* IFConfiguration.m */; };
		07D760FC1D9578CC0043F371 /* IFConfiguredLocals.h in Headers */ = {isa = PBXBuildFile; fileRef = 07D760D91D9578CC0043F371 /* IFConfiguredLocals.h */; };
		07D760FD1D9578CC0043F371 /* IFConfiguredLocals.m in Sources */ = {isa = PBXBuildFile; fileRef = 07D760DA1D9578CC0043F371 /* IFConfiguredLocals.m */; };
		07D760FE1D9578CC0043F371 /* IFContainer.h in Headers */ = {isa = PBXBuildFile; fileRef = 07D760DB1D9578CC0043F371 /* IFContainer.h */; };
		07D760FF1D9578CC0043F371 /* IFContainer.m in Sources */ = {isa = PBXBuildFile; fileRef = 07D760DC1D9578CC0043F371 /* IFContainer.m */; };
		07D761001D9578CC0043F371 /* IFCoreTypes.h in Headers */ = {isa = PBXBuildFile; fileRef = 07D760DD1D9578CC0043F371 /* IFCoreTypes.h */; };
		07D761011D9578CC0043F371 /* IFCoreTypes.m in Sources */ = {isa = PBXBuildFile; fileRef = 07D760DE1D9578CC0043F371 /* IFCoreTypes.m */; };
		07D761021D9578CC0043F371 /* IFIOCConfigurationAware.h in Headers */ = {isa = PBXBuildFile; fileRef = 07D760DF1D9578CC0043F371 /* IFIOCConfigurationAware.h */; };
		07D761031D9578CC0043F371 /* IFIOCConfigurationInitable.h in Headers */ = {isa = PBXBuildFile; fileRef = 07D760E01D9578CC0043F371 /* IFIOCConfigurationInitable.h */; };
		07D761051D9578CC0043F371 /* IFIOCContainerAware.h in Headers */ = {isa = PBXBuildFile; fileRef = 07D760E21D9578CC0043F371 /* IFIOCContainerAware.h */; };
		07D761061D9578CC0043F371 /* IFIOCObjectAware.h in Headers */ = {isa = PBXBuildFile; fileRef = 07D760E31D9578CC0043F371 /* IFIOCObjectAware.h */; };
		07D761071D9578CC0043F371 /* IFIOCObjectFactory.h in Headers */ = {isa = PBXBuildFile; fileRef = 07D760E41D9578CC0043F371 /* IFIOCObjectFactory.h */; };
		07D761081D9578CC0043F371 /* IFIOCObjectFactoryBase.h in Headers */ = {isa = PBXBuildFile; fileRef = 07D760E51D9578CC0043F371 /* IFIOCObjectFactoryBase.h */; };
		07D761091D9578CC0043F371 /* IFIOCObjectFactoryBase.m in Sources */ = {isa = PBXBuildFile; fileRef = 07D760E61D9578CC0043F371 /* IFIOCObjectFactoryBase.m */; };
		07D7610A1D9578CC0043F371 /* IFIOCProxy.h in Headers */ = {isa = PBXBuildFile; fileRef = 07D760E71D9578CC0043F371 /* IFIOCProxy.h */; };
		07D7610B1D9578CC0043F371 /* IFIOCProxyObject.h in Headers */ = {isa = PBXBuildFile; fileRef = 07D760E81D9578CC0043F371 /* IFIOCProxyObject.h */; };
		07D7610C1D9578CC0043F371 /* IFIOCProxyObject.m in Sources */ = {isa = PBXBuildFile; fileRef = 07D760E91D9578CC0043F371 /* IFIOCProxyObject.m */; };
		07D7610D1D9578CC0043F371 /* IFIOCTypeInspectable.h in Headers */ = {isa = PBXBuildFile; fileRef = 07D760EA1D9578CC0043F371 /* IFIOCTypeInspectable.h */; };
		07D7610E1D9578CC0043F371 /* IFJSONData.h in Headers */ = {isa = PBXBuildFile; fileRef = 07D760EB1D9578CC0043F371 /* IFJSONData.h */; };
		07D7610F1D9578CC0043F371 /* IFJSONData.m in Sources */ = {isa = PBXBuildFile; fileRef = 07D760EC1D9578CC0043F371 /* IFJSONData.m */; };
		07D761101D9578CC0043F371 /* IFMessage.h in Headers */ = {isa = PBXBuildFile; fileRef = 07D760ED1D9578CC0043F371 /* IFMessage.h */; };
		07D761111D9578CC0043F371 /* IFMessage.m in Sources */ = {isa = PBXBuildFile; fileRef = 07D760EE1D9578CC0043F371 /* IFMessage.m */; };
		07D761121D9578CC0043F371 /* IFMessageReceiver.h in Headers */ = {isa = PBXBuildFile; fileRef = 07D760EF1D9578CC0043F371 /* IFMessageReceiver.h */; };
		07D761131D9578CC0043F371 /* IFMessageRouter.h in Headers */ = {isa = PBXBuildFile; fileRef = 07D760F01D9578CC0043F371 /* IFMessageRouter.h */; };
		07D761141D9578CC0043F371 /* IFObjectConfigurer.h in Headers */ = {isa = PBXBuildFile; fileRef = 07D760F11D9578CC0043F371 /* IFObjectConfigurer.h */; };
		07D761151D9578CC0043F371 /* IFObjectConfigurer.m in Sources */ = {isa = PBXBuildFile; fileRef = 07D760F21D9578CC0043F371 /* IFObjectConfigurer.m */; };
		07D761161D9578CC0043F371 /* IFPendingNamed.h in Headers */ = {isa = PBXBuildFile; fileRef = 07D760F31D9578CC0043F371 /* IFPendingNamed.h */; };
		07D761171D9578CC0043F371 /* IFPendingNamed.m in Sources */ = {isa = PBXBuildFile; fileRef = 07D760F41D9578CC0043F371 /* IFPendingNamed.m */; };
		07D761181D9578CC0043F371 /* IFService.h in Headers */ = {isa = PBXBuildFile; fileRef = 07D760F51D9578CC0043F371 /* IFService.h */; };
		07D761191D9578CC0043F371 /* IFValues.h in Headers */ = {isa = PBXBuildFile; fileRef = 07D760F61D9578CC0043F371 /* IFValues.h */; };
		07D7611A1D9578CC0043F371 /* NSDictionary+IFValues.h in Headers */ = {isa = PBXBuildFile; fileRef = 07D760F71D9578CC0043F371 /* NSDictionary+IFValues.h */; };
		07D7611B1D9578CC0043F371 /* NSDictionary+IFValues.m in Sources */ = {isa = PBXBuildFile; fileRef = 07D760F81D9578CC0043F371 /* NSDictionary+IFValues.m */; };
/* End PBXBuildFile section */

/* Begin PBXFileReference section */
		071463801E312082005263CF /* IFDirmapSchemeHandler.h */ = {isa = PBXFileReference; fileEncoding = 4; lastKnownFileType = sourcecode.c.h; name = IFDirmapSchemeHandler.h; path = uri/IFDirmapSchemeHandler.h; sourceTree = SOURCE_ROOT; };
		071463811E312082005263CF /* IFDirmapSchemeHandler.m */ = {isa = PBXFileReference; fileEncoding = 4; lastKnownFileType = sourcecode.c.objc; name = IFDirmapSchemeHandler.m; path = uri/IFDirmapSchemeHandler.m; sourceTree = SOURCE_ROOT; };
		07190CAE1C8054A400CE8F22 /* IFPostScheme.h */ = {isa = PBXFileReference; fileEncoding = 4; lastKnownFileType = sourcecode.c.h; name = IFPostScheme.h; path = app/IFPostScheme.h; sourceTree = SOURCE_ROOT; };
		07190CAF1C8054A400CE8F22 /* IFPostScheme.m */ = {isa = PBXFileReference; fileEncoding = 4; lastKnownFileType = sourcecode.c.objc; name = IFPostScheme.m; path = app/IFPostScheme.m; sourceTree = SOURCE_ROOT; };
		072DA4941C848D680023FAEC /* JTSAnimatedGIFUtility.h */ = {isa = PBXFileReference; fileEncoding = 4; lastKnownFileType = sourcecode.c.h; path = JTSAnimatedGIFUtility.h; sourceTree = "<group>"; };
		072DA4951C848D680023FAEC /* JTSAnimatedGIFUtility.m */ = {isa = PBXFileReference; fileEncoding = 4; lastKnownFileType = sourcecode.c.objc; path = JTSAnimatedGIFUtility.m; sourceTree = "<group>"; };
		072DA4961C848D680023FAEC /* JTSImageInfo.h */ = {isa = PBXFileReference; fileEncoding = 4; lastKnownFileType = sourcecode.c.h; path = JTSImageInfo.h; sourceTree = "<group>"; };
		072DA4971C848D680023FAEC /* JTSImageInfo.m */ = {isa = PBXFileReference; fileEncoding = 4; lastKnownFileType = sourcecode.c.objc; path = JTSImageInfo.m; sourceTree = "<group>"; };
		072DA4981C848D680023FAEC /* JTSImageViewController.h */ = {isa = PBXFileReference; fileEncoding = 4; lastKnownFileType = sourcecode.c.h; path = JTSImageViewController.h; sourceTree = "<group>"; };
		072DA4991C848D680023FAEC /* JTSImageViewController.m */ = {isa = PBXFileReference; fileEncoding = 4; lastKnownFileType = sourcecode.c.objc; path = JTSImageViewController.m; sourceTree = "<group>"; };
		072DA49A1C848D680023FAEC /* JTSSimpleImageDownloader.h */ = {isa = PBXFileReference; fileEncoding = 4; lastKnownFileType = sourcecode.c.h; path = JTSSimpleImageDownloader.h; sourceTree = "<group>"; };
		072DA49B1C848D680023FAEC /* JTSSimpleImageDownloader.m */ = {isa = PBXFileReference; fileEncoding = 4; lastKnownFileType = sourcecode.c.objc; path = JTSSimpleImageDownloader.m; sourceTree = "<group>"; };
		072DA49C1C848D680023FAEC /* UIApplication+JTSImageViewController.h */ = {isa = PBXFileReference; fileEncoding = 4; lastKnownFileType = sourcecode.c.h; path = "UIApplication+JTSImageViewController.h"; sourceTree = "<group>"; };
		072DA49D1C848D680023FAEC /* UIApplication+JTSImageViewController.m */ = {isa = PBXFileReference; fileEncoding = 4; lastKnownFileType = sourcecode.c.objc; path = "UIApplication+JTSImageViewController.m"; sourceTree = "<group>"; };
		072DA49E1C848D680023FAEC /* UIImage+JTSImageEffects.h */ = {isa = PBXFileReference; fileEncoding = 4; lastKnownFileType = sourcecode.c.h; path = "UIImage+JTSImageEffects.h"; sourceTree = "<group>"; };
		072DA49F1C848D680023FAEC /* UIImage+JTSImageEffects.m */ = {isa = PBXFileReference; fileEncoding = 4; lastKnownFileType = sourcecode.c.objc; path = "UIImage+JTSImageEffects.m"; sourceTree = "<group>"; };
		072DA4AC1C848E4B0023FAEC /* UIViewController+ImageView.h */ = {isa = PBXFileReference; fileEncoding = 4; lastKnownFileType = sourcecode.c.h; name = "UIViewController+ImageView.h"; path = "ui/UIViewController+ImageView.h"; sourceTree = SOURCE_ROOT; };
		072DA4AD1C848E4B0023FAEC /* UIViewController+ImageView.m */ = {isa = PBXFileReference; fileEncoding = 4; lastKnownFileType = sourcecode.c.objc; name = "UIViewController+ImageView.m"; path = "ui/UIViewController+ImageView.m"; sourceTree = SOURCE_ROOT; };
		072DA4B01C8491070023FAEC /* UIImage+CropScale.h */ = {isa = PBXFileReference; fileEncoding = 4; lastKnownFileType = sourcecode.c.h; name = "UIImage+CropScale.h"; path = "ui/UIImage+CropScale.h"; sourceTree = SOURCE_ROOT; };
		072DA4B11C8491070023FAEC /* UIImage+CropScale.m */ = {isa = PBXFileReference; fileEncoding = 4; lastKnownFileType = sourcecode.c.objc; name = "UIImage+CropScale.m"; path = "ui/UIImage+CropScale.m"; sourceTree = SOURCE_ROOT; };
		072DA4B21C8491070023FAEC /* UIViewController+Toast.h */ = {isa = PBXFileReference; fileEncoding = 4; lastKnownFileType = sourcecode.c.h; name = "UIViewController+Toast.h"; path = "ui/UIViewController+Toast.h"; sourceTree = SOURCE_ROOT; };
		072DA4B31C8491070023FAEC /* UIViewController+Toast.m */ = {isa = PBXFileReference; fileEncoding = 4; lastKnownFileType = sourcecode.c.objc; name = "UIViewController+Toast.m"; path = "ui/UIViewController+Toast.m"; sourceTree = SOURCE_ROOT; };
		074C3DC21C944D32009BBEEF /* IFViewBehaviour.h */ = {isa = PBXFileReference; fileEncoding = 4; lastKnownFileType = sourcecode.c.h; name = IFViewBehaviour.h; path = ui/IFViewBehaviour.h; sourceTree = SOURCE_ROOT; };
		074C3DC41C944FC3009BBEEF /* IFViewBehaviourObject.h */ = {isa = PBXFileReference; fileEncoding = 4; lastKnownFileType = sourcecode.c.h; name = IFViewBehaviourObject.h; path = ui/IFViewBehaviourObject.h; sourceTree = SOURCE_ROOT; };
		074C3DC51C944FC3009BBEEF /* IFViewBehaviourObject.m */ = {isa = PBXFileReference; fileEncoding = 4; lastKnownFileType = sourcecode.c.objc; name = IFViewBehaviourObject.m; path = ui/IFViewBehaviourObject.m; sourceTree = SOURCE_ROOT; };
		076DA4881DA660AE00E63F0D /* SCFFLD-app.h */ = {isa = PBXFileReference; fileEncoding = 4; lastKnownFileType = sourcecode.c.h; path = "SCFFLD-app.h"; sourceTree = SOURCE_ROOT; };
		076DA4891DA660AE00E63F0D /* SCFFLD-ioc.h */ = {isa = PBXFileReference; fileEncoding = 4; lastKnownFileType = sourcecode.c.h; path = "SCFFLD-ioc.h"; sourceTree = SOURCE_ROOT; };
		076DA48A1DA660AE00E63F0D /* SCFFLD-ui.h */ = {isa = PBXFileReference; fileEncoding = 4; lastKnownFileType = sourcecode.c.h; path = "SCFFLD-ui.h"; sourceTree = SOURCE_ROOT; };
		076DA48B1DA660AE00E63F0D /* SCFFLD-uri.h */ = {isa = PBXFileReference; fileEncoding = 4; lastKnownFileType = sourcecode.c.h; path = "SCFFLD-uri.h"; sourceTree = SOURCE_ROOT; };
		076DA48C1DA660AE00E63F0D /* SCFFLD-util.h */ = {isa = PBXFileReference; fileEncoding = 4; lastKnownFileType = sourcecode.c.h; path = "SCFFLD-util.h"; sourceTree = SOURCE_ROOT; };
		077C195B1D9C0D4A00783E9D /* IFIOCSingleton.h */ = {isa = PBXFileReference; fileEncoding = 4; lastKnownFileType = sourcecode.c.h; path = IFIOCSingleton.h; sourceTree = "<group>"; };
		078BBBD81CBED3EB00E4DE02 /* IFURIValueFormatter.h */ = {isa = PBXFileReference; fileEncoding = 4; lastKnownFileType = sourcecode.c.h; name = IFURIValueFormatter.h; path = uri/IFURIValueFormatter.h; sourceTree = SOURCE_ROOT; };
		07933EF41C8A588B003D6227 /* IFUILabelProxy.h */ = {isa = PBXFileReference; fileEncoding = 4; lastKnownFileType = sourcecode.c.h; name = IFUILabelProxy.h; path = ui/IFUILabelProxy.h; sourceTree = SOURCE_ROOT; };
		07933EF51C8A588B003D6227 /* IFUILabelProxy.m */ = {isa = PBXFileReference; fileEncoding = 4; lastKnownFileType = sourcecode.c.objc; name = IFUILabelProxy.m; path = ui/IFUILabelProxy.m; sourceTree = SOURCE_ROOT; };
		07933EFC1C8F7DF2003D6227 /* IFTextStyle.h */ = {isa = PBXFileReference; fileEncoding = 4; lastKnownFileType = sourcecode.c.h; name = IFTextStyle.h; path = ui/IFTextStyle.h; sourceTree = SOURCE_ROOT; };
		07933EFD1C8F7DF2003D6227 /* IFTextStyle.m */ = {isa = PBXFileReference; fileEncoding = 4; lastKnownFileType = sourcecode.c.objc; name = IFTextStyle.m; path = ui/IFTextStyle.m; sourceTree = SOURCE_ROOT; };
		07933F001C8F7EE8003D6227 /* IFUITextFieldProxy.h */ = {isa = PBXFileReference; fileEncoding = 4; lastKnownFileType = sourcecode.c.h; name = IFUITextFieldProxy.h; path = ui/IFUITextFieldProxy.h; sourceTree = SOURCE_ROOT; };
		07933F011C8F7EE8003D6227 /* IFUITextFieldProxy.m */ = {isa = PBXFileReference; fileEncoding = 4; lastKnownFileType = sourcecode.c.objc; name = IFUITextFieldProxy.m; path = ui/IFUITextFieldProxy.m; sourceTree = SOURCE_ROOT; };
		07933F041C8F801C003D6227 /* IFUIBarButtonItemProxy.h */ = {isa = PBXFileReference; fileEncoding = 4; lastKnownFileType = sourcecode.c.h; name = IFUIBarButtonItemProxy.h; path = ui/IFUIBarButtonItemProxy.h; sourceTree = SOURCE_ROOT; };
		07933F051C8F801C003D6227 /* IFUIBarButtonItemProxy.m */ = {isa = PBXFileReference; fileEncoding = 4; lastKnownFileType = sourcecode.c.objc; name = IFUIBarButtonItemProxy.m; path = ui/IFUIBarButtonItemProxy.m; sourceTree = SOURCE_ROOT; };
		07933F0A1C8F8A8F003D6227 /* IFActionProxy.h */ = {isa = PBXFileReference; fileEncoding = 4; lastKnownFileType = sourcecode.c.h; name = IFActionProxy.h; path = ui/IFActionProxy.h; sourceTree = SOURCE_ROOT; };
		07BD8A201C7651930058D7A8 /* SCFFLD.framework */ = {isa = PBXFileReference; explicitFileType = wrapper.framework; includeInIndex = 0; path = SCFFLD.framework; sourceTree = BUILT_PRODUCTS_DIR; };
		07BD8A2B1C76531C0058D7A8 /* UIKit.framework */ = {isa = PBXFileReference; lastKnownFileType = wrapper.framework; name = UIKit.framework; path = System/Library/Frameworks/UIKit.framework; sourceTree = SDKROOT; };
		07BD8A2D1C7653260058D7A8 /* Foundation.framework */ = {isa = PBXFileReference; lastKnownFileType = wrapper.framework; name = Foundation.framework; path = System/Library/Frameworks/Foundation.framework; sourceTree = SDKROOT; };
		07BD8A651C7653670058D7A8 /* IFAppContainer.h */ = {isa = PBXFileReference; fileEncoding = 4; lastKnownFileType = sourcecode.c.h; name = IFAppContainer.h; path = app/IFAppContainer.h; sourceTree = SOURCE_ROOT; };
		07BD8A661C7653670058D7A8 /* IFAppContainer.m */ = {isa = PBXFileReference; fileEncoding = 4; lastKnownFileType = sourcecode.c.objc; name = IFAppContainer.m; path = app/IFAppContainer.m; sourceTree = SOURCE_ROOT; };
		07BD8A6B1C7653670058D7A8 /* IFMakeScheme.h */ = {isa = PBXFileReference; fileEncoding = 4; lastKnownFileType = sourcecode.c.h; name = IFMakeScheme.h; path = app/IFMakeScheme.h; sourceTree = SOURCE_ROOT; };
		07BD8A6C1C7653670058D7A8 /* IFMakeScheme.m */ = {isa = PBXFileReference; fileEncoding = 4; lastKnownFileType = sourcecode.c.objc; name = IFMakeScheme.m; path = app/IFMakeScheme.m; sourceTree = SOURCE_ROOT; };
		07BD8A6D1C7653670058D7A8 /* IFNamedScheme.h */ = {isa = PBXFileReference; fileEncoding = 4; lastKnownFileType = sourcecode.c.h; name = IFNamedScheme.h; path = app/IFNamedScheme.h; sourceTree = SOURCE_ROOT; };
		07BD8A6E1C7653670058D7A8 /* IFNamedScheme.m */ = {isa = PBXFileReference; fileEncoding = 4; lastKnownFileType = sourcecode.c.objc; name = IFNamedScheme.m; path = app/IFNamedScheme.m; sourceTree = SOURCE_ROOT; };
		07BD8A6F1C7653670058D7A8 /* IFNewScheme.h */ = {isa = PBXFileReference; fileEncoding = 4; lastKnownFileType = sourcecode.c.h; name = IFNewScheme.h; path = app/IFNewScheme.h; sourceTree = SOURCE_ROOT; };
		07BD8A701C7653670058D7A8 /* IFNewScheme.m */ = {isa = PBXFileReference; fileEncoding = 4; lastKnownFileType = sourcecode.c.objc; name = IFNewScheme.m; path = app/IFNewScheme.m; sourceTree = SOURCE_ROOT; };
		07BD8A8B1C76537E0058D7A8 /* IFNavigationViewController.h */ = {isa = PBXFileReference; fileEncoding = 4; lastKnownFileType = sourcecode.c.h; name = IFNavigationViewController.h; path = ui/IFNavigationViewController.h; sourceTree = SOURCE_ROOT; };
		07BD8A8C1C76537E0058D7A8 /* IFNavigationViewController.m */ = {isa = PBXFileReference; fileEncoding = 4; lastKnownFileType = sourcecode.c.objc; name = IFNavigationViewController.m; path = ui/IFNavigationViewController.m; sourceTree = SOURCE_ROOT; };
		07BD8A8D1C76537E0058D7A8 /* IFSlideViewController.h */ = {isa = PBXFileReference; fileEncoding = 4; lastKnownFileType = sourcecode.c.h; name = IFSlideViewController.h; path = ui/IFSlideViewController.h; sourceTree = SOURCE_ROOT; };
		07BD8A8E1C76537E0058D7A8 /* IFSlideViewController.m */ = {isa = PBXFileReference; fileEncoding = 4; lastKnownFileType = sourcecode.c.objc; name = IFSlideViewController.m; path = ui/IFSlideViewController.m; sourceTree = SOURCE_ROOT; };
		07BD8A8F1C76537E0058D7A8 /* IFTableData.h */ = {isa = PBXFileReference; fileEncoding = 4; lastKnownFileType = sourcecode.c.h; name = IFTableData.h; path = ui/IFTableData.h; sourceTree = SOURCE_ROOT; };
		07BD8A901C76537E0058D7A8 /* IFTableData.m */ = {isa = PBXFileReference; fileEncoding = 4; lastKnownFileType = sourcecode.c.objc; name = IFTableData.m; path = ui/IFTableData.m; sourceTree = SOURCE_ROOT; };
		07BD8A911C76537E0058D7A8 /* IFTableViewCellFactory.h */ = {isa = PBXFileReference; fileEncoding = 4; lastKnownFileType = sourcecode.c.h; name = IFTableViewCellFactory.h; path = ui/IFTableViewCellFactory.h; sourceTree = SOURCE_ROOT; };
		07BD8A921C76537E0058D7A8 /* IFTableViewCellFactory.m */ = {isa = PBXFileReference; fileEncoding = 4; lastKnownFileType = sourcecode.c.objc; name = IFTableViewCellFactory.m; path = ui/IFTableViewCellFactory.m; sourceTree = SOURCE_ROOT; };
		07BD8A931C76537E0058D7A8 /* IFTableViewController.h */ = {isa = PBXFileReference; fileEncoding = 4; lastKnownFileType = sourcecode.c.h; name = IFTableViewController.h; path = ui/IFTableViewController.h; sourceTree = SOURCE_ROOT; };
		07BD8A941C76537E0058D7A8 /* IFTableViewController.m */ = {isa = PBXFileReference; fileEncoding = 4; lastKnownFileType = sourcecode.c.objc; name = IFTableViewController.m; path = ui/IFTableViewController.m; sourceTree = SOURCE_ROOT; };
		07BD8A951C76537E0058D7A8 /* IFViewController.h */ = {isa = PBXFileReference; fileEncoding = 4; lastKnownFileType = sourcecode.c.h; name = IFViewController.h; path = ui/IFViewController.h; sourceTree = SOURCE_ROOT; };
		07BD8A961C76537E0058D7A8 /* IFViewController.m */ = {isa = PBXFileReference; fileEncoding = 4; lastKnownFileType = sourcecode.c.objc; name = IFViewController.m; path = ui/IFViewController.m; sourceTree = SOURCE_ROOT; };
		07BD8A971C76537E0058D7A8 /* IFWebViewController.h */ = {isa = PBXFileReference; fileEncoding = 4; lastKnownFileType = sourcecode.c.h; name = IFWebViewController.h; path = ui/IFWebViewController.h; sourceTree = SOURCE_ROOT; };
		07BD8A981C76537E0058D7A8 /* IFWebViewController.m */ = {isa = PBXFileReference; fileEncoding = 4; lastKnownFileType = sourcecode.c.objc; name = IFWebViewController.m; path = ui/IFWebViewController.m; sourceTree = SOURCE_ROOT; };
		07BD8AA81C7653930058D7A8 /* IFCompoundURI.h */ = {isa = PBXFileReference; fileEncoding = 4; lastKnownFileType = sourcecode.c.h; name = IFCompoundURI.h; path = uri/IFCompoundURI.h; sourceTree = SOURCE_ROOT; };
		07BD8AA91C7653930058D7A8 /* IFCompoundURI.m */ = {isa = PBXFileReference; fileEncoding = 4; lastKnownFileType = sourcecode.c.objc; name = IFCompoundURI.m; path = uri/IFCompoundURI.m; sourceTree = SOURCE_ROOT; };
		07BD8AAA1C7653930058D7A8 /* IFFileBasedSchemeHandler.h */ = {isa = PBXFileReference; fileEncoding = 4; lastKnownFileType = sourcecode.c.h; name = IFFileBasedSchemeHandler.h; path = uri/IFFileBasedSchemeHandler.h; sourceTree = SOURCE_ROOT; };
		07BD8AAB1C7653930058D7A8 /* IFFileBasedSchemeHandler.m */ = {isa = PBXFileReference; fileEncoding = 4; lastKnownFileType = sourcecode.c.objc; name = IFFileBasedSchemeHandler.m; path = uri/IFFileBasedSchemeHandler.m; sourceTree = SOURCE_ROOT; };
		07BD8AAC1C7653930058D7A8 /* IFFileResource.h */ = {isa = PBXFileReference; fileEncoding = 4; lastKnownFileType = sourcecode.c.h; name = IFFileResource.h; path = uri/IFFileResource.h; sourceTree = SOURCE_ROOT; };
		07BD8AAD1C7653930058D7A8 /* IFFileResource.m */ = {isa = PBXFileReference; fileEncoding = 4; lastKnownFileType = sourcecode.c.objc; name = IFFileResource.m; path = uri/IFFileResource.m; sourceTree = SOURCE_ROOT; };
		07BD8AAE1C7653930058D7A8 /* IFLocalSchemeHandler.h */ = {isa = PBXFileReference; fileEncoding = 4; lastKnownFileType = sourcecode.c.h; name = IFLocalSchemeHandler.h; path = uri/IFLocalSchemeHandler.h; sourceTree = SOURCE_ROOT; };
		07BD8AAF1C7653930058D7A8 /* IFLocalSchemeHandler.m */ = {isa = PBXFileReference; fileEncoding = 4; lastKnownFileType = sourcecode.c.objc; name = IFLocalSchemeHandler.m; path = uri/IFLocalSchemeHandler.m; sourceTree = SOURCE_ROOT; };
		07BD8AB01C7653930058D7A8 /* IFReprSchemeHandler.h */ = {isa = PBXFileReference; fileEncoding = 4; lastKnownFileType = sourcecode.c.h; name = IFReprSchemeHandler.h; path = uri/IFReprSchemeHandler.h; sourceTree = SOURCE_ROOT; };
		07BD8AB11C7653930058D7A8 /* IFReprSchemeHandler.m */ = {isa = PBXFileReference; fileEncoding = 4; lastKnownFileType = sourcecode.c.objc; name = IFReprSchemeHandler.m; path = uri/IFReprSchemeHandler.m; sourceTree = SOURCE_ROOT; };
		07BD8AB21C7653930058D7A8 /* IFResource.h */ = {isa = PBXFileReference; fileEncoding = 4; lastKnownFileType = sourcecode.c.h; name = IFResource.h; path = uri/IFResource.h; sourceTree = SOURCE_ROOT; };
		07BD8AB31C7653930058D7A8 /* IFResource.m */ = {isa = PBXFileReference; fileEncoding = 4; lastKnownFileType = sourcecode.c.objc; name = IFResource.m; path = uri/IFResource.m; sourceTree = SOURCE_ROOT; };
		07BD8AB41C7653930058D7A8 /* IFStandardURIHandler.h */ = {isa = PBXFileReference; fileEncoding = 4; lastKnownFileType = sourcecode.c.h; name = IFStandardURIHandler.h; path = uri/IFStandardURIHandler.h; sourceTree = SOURCE_ROOT; };
		07BD8AB51C7653930058D7A8 /* IFStandardURIHandler.m */ = {isa = PBXFileReference; fileEncoding = 4; lastKnownFileType = sourcecode.c.objc; name = IFStandardURIHandler.m; path = uri/IFStandardURIHandler.m; sourceTree = SOURCE_ROOT; };
		07BD8AB61C7653930058D7A8 /* IFStringSchemeHandler.h */ = {isa = PBXFileReference; fileEncoding = 4; lastKnownFileType = sourcecode.c.h; name = IFStringSchemeHandler.h; path = uri/IFStringSchemeHandler.h; sourceTree = SOURCE_ROOT; };
		07BD8AB71C7653930058D7A8 /* IFStringSchemeHandler.m */ = {isa = PBXFileReference; fileEncoding = 4; lastKnownFileType = sourcecode.c.objc; name = IFStringSchemeHandler.m; path = uri/IFStringSchemeHandler.m; sourceTree = SOURCE_ROOT; };
		07BD8AB81C7653930058D7A8 /* IFURIHandling.h */ = {isa = PBXFileReference; fileEncoding = 4; lastKnownFileType = sourcecode.c.h; name = IFURIHandling.h; path = uri/IFURIHandling.h; sourceTree = SOURCE_ROOT; };
		07BD8ACB1C7653AD0058D7A8 /* IFFileIO.h */ = {isa = PBXFileReference; fileEncoding = 4; lastKnownFileType = sourcecode.c.h; name = IFFileIO.h; path = util/IFFileIO.h; sourceTree = SOURCE_ROOT; };
		07BD8ACC1C7653AD0058D7A8 /* IFFileIO.m */ = {isa = PBXFileReference; fileEncoding = 4; lastKnownFileType = sourcecode.c.objc; name = IFFileIO.m; path = util/IFFileIO.m; sourceTree = SOURCE_ROOT; };
		07BD8ACF1C7653AD0058D7A8 /* IFI18nMap.h */ = {isa = PBXFileReference; fileEncoding = 4; lastKnownFileType = sourcecode.c.h; name = IFI18nMap.h; path = util/IFI18nMap.h; sourceTree = SOURCE_ROOT; };
		07BD8AD01C7653AD0058D7A8 /* IFI18nMap.m */ = {isa = PBXFileReference; fileEncoding = 4; lastKnownFileType = sourcecode.c.objc; name = IFI18nMap.m; path = util/IFI18nMap.m; sourceTree = SOURCE_ROOT; };
		07BD8AD31C7653AD0058D7A8 /* IFLocals.h */ = {isa = PBXFileReference; fileEncoding = 4; lastKnownFileType = sourcecode.c.h; name = IFLocals.h; path = util/IFLocals.h; sourceTree = SOURCE_ROOT; };
		07BD8AD41C7653AD0058D7A8 /* IFLocals.m */ = {isa = PBXFileReference; fileEncoding = 4; lastKnownFileType = sourcecode.c.objc; name = IFLocals.m; path = util/IFLocals.m; sourceTree = SOURCE_ROOT; };
		07BD8AD51C7653AD0058D7A8 /* IFLogger.h */ = {isa = PBXFileReference; fileEncoding = 4; lastKnownFileType = sourcecode.c.h; name = IFLogger.h; path = util/IFLogger.h; sourceTree = SOURCE_ROOT; };
		07BD8AD61C7653AD0058D7A8 /* IFLogger.m */ = {isa = PBXFileReference; fileEncoding = 4; lastKnownFileType = sourcecode.c.objc; name = IFLogger.m; path = util/IFLogger.m; sourceTree = SOURCE_ROOT; };
		07BD8AD81C7653AD0058D7A8 /* IFRegExp.h */ = {isa = PBXFileReference; fileEncoding = 4; lastKnownFileType = sourcecode.c.h; name = IFRegExp.h; path = util/IFRegExp.h; sourceTree = SOURCE_ROOT; };
		07BD8AD91C7653AD0058D7A8 /* IFRegExp.m */ = {isa = PBXFileReference; fileEncoding = 4; lastKnownFileType = sourcecode.c.objc; name = IFRegExp.m; path = util/IFRegExp.m; sourceTree = SOURCE_ROOT; };
		07BD8ADA1C7653AD0058D7A8 /* IFStringTemplate.h */ = {isa = PBXFileReference; fileEncoding = 4; lastKnownFileType = sourcecode.c.h; name = IFStringTemplate.h; path = util/IFStringTemplate.h; sourceTree = SOURCE_ROOT; };
		07BD8ADB1C7653AD0058D7A8 /* IFStringTemplate.m */ = {isa = PBXFileReference; fileEncoding = 4; lastKnownFileType = sourcecode.c.objc; name = IFStringTemplate.m; path = util/IFStringTemplate.m; sourceTree = SOURCE_ROOT; };
		07BD8ADC1C7653AD0058D7A8 /* IFTypeConversions.h */ = {isa = PBXFileReference; fileEncoding = 4; lastKnownFileType = sourcecode.c.h; name = IFTypeConversions.h; path = util/IFTypeConversions.h; sourceTree = SOURCE_ROOT; };
		07BD8ADD1C7653AD0058D7A8 /* IFTypeConversions.m */ = {isa = PBXFileReference; fileEncoding = 4; lastKnownFileType = sourcecode.c.objc; name = IFTypeConversions.m; path = util/IFTypeConversions.m; sourceTree = SOURCE_ROOT; };
		07BD8ADE1C7653AD0058D7A8 /* IFTypeInfo.h */ = {isa = PBXFileReference; fileEncoding = 4; lastKnownFileType = sourcecode.c.h; name = IFTypeInfo.h; path = util/IFTypeInfo.h; sourceTree = SOURCE_ROOT; };
		07BD8ADF1C7653AD0058D7A8 /* IFTypeInfo.m */ = {isa = PBXFileReference; fileEncoding = 4; lastKnownFileType = sourcecode.c.objc; name = IFTypeInfo.m; path = util/IFTypeInfo.m; sourceTree = SOURCE_ROOT; };
		07BD8AE01C7653AD0058D7A8 /* NSArray+IF.h */ = {isa = PBXFileReference; fileEncoding = 4; lastKnownFileType = sourcecode.c.h; name = "NSArray+IF.h"; path = "util/NSArray+IF.h"; sourceTree = SOURCE_ROOT; };
		07BD8AE11C7653AD0058D7A8 /* NSArray+IF.m */ = {isa = PBXFileReference; fileEncoding = 4; lastKnownFileType = sourcecode.c.objc; name = "NSArray+IF.m"; path = "util/NSArray+IF.m"; sourceTree = SOURCE_ROOT; };
		07BD8AE21C7653AD0058D7A8 /* NSDictionary+IF.h */ = {isa = PBXFileReference; fileEncoding = 4; lastKnownFileType = sourcecode.c.h; name = "NSDictionary+IF.h"; path = "util/NSDictionary+IF.h"; sourceTree = SOURCE_ROOT; };
		07BD8AE31C7653AD0058D7A8 /* NSDictionary+IF.m */ = {isa = PBXFileReference; fileEncoding = 4; lastKnownFileType = sourcecode.c.objc; name = "NSDictionary+IF.m"; path = "util/NSDictionary+IF.m"; sourceTree = SOURCE_ROOT; };
		07BD8AE41C7653AD0058D7A8 /* NSString+IF.h */ = {isa = PBXFileReference; fileEncoding = 4; lastKnownFileType = sourcecode.c.h; name = "NSString+IF.h"; path = "util/NSString+IF.h"; sourceTree = SOURCE_ROOT; };
		07BD8AE51C7653AD0058D7A8 /* NSString+IF.m */ = {isa = PBXFileReference; fileEncoding = 4; lastKnownFileType = sourcecode.c.objc; name = "NSString+IF.m"; path = "util/NSString+IF.m"; sourceTree = SOURCE_ROOT; };
		07BD8AE61C7653AD0058D7A8 /* UIColor+IF.h */ = {isa = PBXFileReference; fileEncoding = 4; lastKnownFileType = sourcecode.c.h; name = "UIColor+IF.h"; path = "util/UIColor+IF.h"; sourceTree = SOURCE_ROOT; };
		07BD8AE71C7653AD0058D7A8 /* UIColor+IF.m */ = {isa = PBXFileReference; fileEncoding = 4; lastKnownFileType = sourcecode.c.objc; name = "UIColor+IF.m"; path = "util/UIColor+IF.m"; sourceTree = SOURCE_ROOT; };
		07BD8B281C7653FC0058D7A8 /* ISO8601DateFormatter.h */ = {isa = PBXFileReference; fileEncoding = 4; lastKnownFileType = sourcecode.c.h; path = ISO8601DateFormatter.h; sourceTree = "<group>"; };
		07BD8B291C7653FC0058D7A8 /* ISO8601DateFormatter.m */ = {isa = PBXFileReference; fileEncoding = 4; lastKnownFileType = sourcecode.c.objc; path = ISO8601DateFormatter.m; sourceTree = "<group>"; };
		07BD8B2B1C7653FC0058D7A8 /* JSONKit.h */ = {isa = PBXFileReference; fileEncoding = 4; lastKnownFileType = sourcecode.c.h; path = JSONKit.h; sourceTree = "<group>"; };
		07BD8B2C1C7653FC0058D7A8 /* JSONKit.m */ = {isa = PBXFileReference; fileEncoding = 4; lastKnownFileType = sourcecode.c.objc; path = JSONKit.m; sourceTree = "<group>"; };
		07BD8B2E1C7653FC0058D7A8 /* SWRevealViewController.h */ = {isa = PBXFileReference; fileEncoding = 4; lastKnownFileType = sourcecode.c.h; path = SWRevealViewController.h; sourceTree = "<group>"; };
		07BD8B2F1C7653FC0058D7A8 /* SWRevealViewController.m */ = {isa = PBXFileReference; fileEncoding = 4; lastKnownFileType = sourcecode.c.objc; path = SWRevealViewController.m; sourceTree = "<group>"; };
		07BD8B311C7653FC0058D7A8 /* UIView+Toast.h */ = {isa = PBXFileReference; fileEncoding = 4; lastKnownFileType = sourcecode.c.h; path = "UIView+Toast.h"; sourceTree = "<group>"; };
		07BD8B321C7653FC0058D7A8 /* UIView+Toast.m */ = {isa = PBXFileReference; fileEncoding = 4; lastKnownFileType = sourcecode.c.objc; path = "UIView+Toast.m"; sourceTree = "<group>"; };
		07BD8B351C7653FC0058D7A8 /* crypt.h */ = {isa = PBXFileReference; fileEncoding = 4; lastKnownFileType = sourcecode.c.h; path = crypt.h; sourceTree = "<group>"; };
		07BD8B361C7653FC0058D7A8 /* ioapi.c */ = {isa = PBXFileReference; fileEncoding = 4; lastKnownFileType = sourcecode.c.c; path = ioapi.c; sourceTree = "<group>"; };
		07BD8B371C7653FC0058D7A8 /* ioapi.h */ = {isa = PBXFileReference; fileEncoding = 4; lastKnownFileType = sourcecode.c.h; path = ioapi.h; sourceTree = "<group>"; };
		07BD8B381C7653FC0058D7A8 /* mztools.c */ = {isa = PBXFileReference; fileEncoding = 4; lastKnownFileType = sourcecode.c.c; path = mztools.c; sourceTree = "<group>"; };
		07BD8B391C7653FC0058D7A8 /* mztools.h */ = {isa = PBXFileReference; fileEncoding = 4; lastKnownFileType = sourcecode.c.h; path = mztools.h; sourceTree = "<group>"; };
		07BD8B3A1C7653FC0058D7A8 /* unzip.c */ = {isa = PBXFileReference; fileEncoding = 4; lastKnownFileType = sourcecode.c.c; path = unzip.c; sourceTree = "<group>"; };
		07BD8B3B1C7653FC0058D7A8 /* unzip.h */ = {isa = PBXFileReference; fileEncoding = 4; lastKnownFileType = sourcecode.c.h; path = unzip.h; sourceTree = "<group>"; };
		07BD8B3C1C7653FC0058D7A8 /* zip.c */ = {isa = PBXFileReference; fileEncoding = 4; lastKnownFileType = sourcecode.c.c; path = zip.c; sourceTree = "<group>"; };
		07BD8B3D1C7653FC0058D7A8 /* zip.h */ = {isa = PBXFileReference; fileEncoding = 4; lastKnownFileType = sourcecode.c.h; path = zip.h; sourceTree = "<group>"; };
		07BD8B3E1C7653FC0058D7A8 /* ZipArchive.h */ = {isa = PBXFileReference; fileEncoding = 4; lastKnownFileType = sourcecode.c.h; path = ZipArchive.h; sourceTree = "<group>"; };
		07BD8B3F1C7653FC0058D7A8 /* ZipArchive.mm */ = {isa = PBXFileReference; fileEncoding = 4; lastKnownFileType = sourcecode.cpp.objcpp; path = ZipArchive.mm; sourceTree = "<group>"; };
		07BD8B531C7654ED0058D7A8 /* Info.plist */ = {isa = PBXFileReference; fileEncoding = 4; lastKnownFileType = text.plist.xml; path = Info.plist; sourceTree = SOURCE_ROOT; };
		07BD8B541C7654ED0058D7A8 /* SCFFLD-Info.plist */ = {isa = PBXFileReference; fileEncoding = 4; lastKnownFileType = text.plist.xml; path = "SCFFLD-Info.plist"; sourceTree = SOURCE_ROOT; };
		07BD8B551C7654ED0058D7A8 /* SCFFLD-Prefix.pch */ = {isa = PBXFileReference; fileEncoding = 4; lastKnownFileType = sourcecode.c.h; path = "SCFFLD-Prefix.pch"; sourceTree = SOURCE_ROOT; };
		07BD8B581C7654ED0058D7A8 /* TODO */ = {isa = PBXFileReference; fileEncoding = 4; lastKnownFileType = text; path = TODO; sourceTree = SOURCE_ROOT; };
		07BD8B641C7658AF0058D7A8 /* libz.tbd */ = {isa = PBXFileReference; lastKnownFileType = "sourcecode.text-based-dylib-definition"; name = libz.tbd; path = usr/lib/libz.tbd; sourceTree = SDKROOT; };
		07D760D61D9578CC0043F371 /* IFConfigurable.h */ = {isa = PBXFileReference; fileEncoding = 4; lastKnownFileType = sourcecode.c.h; path = IFConfigurable.h; sourceTree = "<group>"; };
		07D760D71D9578CC0043F371 /* IFConfiguration.h */ = {isa = PBXFileReference; fileEncoding = 4; lastKnownFileType = sourcecode.c.h; path = IFConfiguration.h; sourceTree = "<group>"; };
		07D760D81D9578CC0043F371 /* IFConfiguration.m */ = {isa = PBXFileReference; fileEncoding = 4; lastKnownFileType = sourcecode.c.objc; path = IFConfiguration.m; sourceTree = "<group>"; };
		07D760D91D9578CC0043F371 /* IFConfiguredLocals.h */ = {isa = PBXFileReference; fileEncoding = 4; lastKnownFileType = sourcecode.c.h; path = IFConfiguredLocals.h; sourceTree = "<group>"; };
		07D760DA1D9578CC0043F371 /* IFConfiguredLocals.m */ = {isa = PBXFileReference; fileEncoding = 4; lastKnownFileType = sourcecode.c.objc; path = IFConfiguredLocals.m; sourceTree = "<group>"; };
		07D760DB1D9578CC0043F371 /* IFContainer.h */ = {isa = PBXFileReference; fileEncoding = 4; lastKnownFileType = sourcecode.c.h; path = IFContainer.h; sourceTree = "<group>"; };
		07D760DC1D9578CC0043F371 /* IFContainer.m */ = {isa = PBXFileReference; fileEncoding = 4; lastKnownFileType = sourcecode.c.objc; path = IFContainer.m; sourceTree = "<group>"; };
		07D760DD1D9578CC0043F371 /* IFCoreTypes.h */ = {isa = PBXFileReference; fileEncoding = 4; lastKnownFileType = sourcecode.c.h; path = IFCoreTypes.h; sourceTree = "<group>"; };
		07D760DE1D9578CC0043F371 /* IFCoreTypes.m */ = {isa = PBXFileReference; fileEncoding = 4; lastKnownFileType = sourcecode.c.objc; path = IFCoreTypes.m; sourceTree = "<group>"; };
		07D760DF1D9578CC0043F371 /* IFIOCConfigurationAware.h */ = {isa = PBXFileReference; fileEncoding = 4; lastKnownFileType = sourcecode.c.h; path = IFIOCConfigurationAware.h; sourceTree = "<group>"; };
		07D760E01D9578CC0043F371 /* IFIOCConfigurationInitable.h */ = {isa = PBXFileReference; fileEncoding = 4; lastKnownFileType = sourcecode.c.h; path = IFIOCConfigurationInitable.h; sourceTree = "<group>"; };
		07D760E21D9578CC0043F371 /* IFIOCContainerAware.h */ = {isa = PBXFileReference; fileEncoding = 4; lastKnownFileType = sourcecode.c.h; path = IFIOCContainerAware.h; sourceTree = "<group>"; };
		07D760E31D9578CC0043F371 /* IFIOCObjectAware.h */ = {isa = PBXFileReference; fileEncoding = 4; lastKnownFileType = sourcecode.c.h; path = IFIOCObjectAware.h; sourceTree = "<group>"; };
		07D760E41D9578CC0043F371 /* IFIOCObjectFactory.h */ = {isa = PBXFileReference; fileEncoding = 4; lastKnownFileType = sourcecode.c.h; path = IFIOCObjectFactory.h; sourceTree = "<group>"; };
		07D760E51D9578CC0043F371 /* IFIOCObjectFactoryBase.h */ = {isa = PBXFileReference; fileEncoding = 4; lastKnownFileType = sourcecode.c.h; path = IFIOCObjectFactoryBase.h; sourceTree = "<group>"; };
		07D760E61D9578CC0043F371 /* IFIOCObjectFactoryBase.m */ = {isa = PBXFileReference; fileEncoding = 4; lastKnownFileType = sourcecode.c.objc; path = IFIOCObjectFactoryBase.m; sourceTree = "<group>"; };
		07D760E71D9578CC0043F371 /* IFIOCProxy.h */ = {isa = PBXFileReference; fileEncoding = 4; lastKnownFileType = sourcecode.c.h; path = IFIOCProxy.h; sourceTree = "<group>"; };
		07D760E81D9578CC0043F371 /* IFIOCProxyObject.h */ = {isa = PBXFileReference; fileEncoding = 4; lastKnownFileType = sourcecode.c.h; path = IFIOCProxyObject.h; sourceTree = "<group>"; };
		07D760E91D9578CC0043F371 /* IFIOCProxyObject.m */ = {isa = PBXFileReference; fileEncoding = 4; lastKnownFileType = sourcecode.c.objc; path = IFIOCProxyObject.m; sourceTree = "<group>"; };
		07D760EA1D9578CC0043F371 /* IFIOCTypeInspectable.h */ = {isa = PBXFileReference; fileEncoding = 4; lastKnownFileType = sourcecode.c.h; path = IFIOCTypeInspectable.h; sourceTree = "<group>"; };
		07D760EB1D9578CC0043F371 /* IFJSONData.h */ = {isa = PBXFileReference; fileEncoding = 4; lastKnownFileType = sourcecode.c.h; path = IFJSONData.h; sourceTree = "<group>"; };
		07D760EC1D9578CC0043F371 /* IFJSONData.m */ = {isa = PBXFileReference; fileEncoding = 4; lastKnownFileType = sourcecode.c.objc; path = IFJSONData.m; sourceTree = "<group>"; };
		07D760ED1D9578CC0043F371 /* IFMessage.h */ = {isa = PBXFileReference; fileEncoding = 4; lastKnownFileType = sourcecode.c.h; path = IFMessage.h; sourceTree = "<group>"; };
		07D760EE1D9578CC0043F371 /* IFMessage.m */ = {isa = PBXFileReference; fileEncoding = 4; lastKnownFileType = sourcecode.c.objc; path = IFMessage.m; sourceTree = "<group>"; };
		07D760EF1D9578CC0043F371 /* IFMessageReceiver.h */ = {isa = PBXFileReference; fileEncoding = 4; lastKnownFileType = sourcecode.c.h; path = IFMessageReceiver.h; sourceTree = "<group>"; };
		07D760F01D9578CC0043F371 /* IFMessageRouter.h */ = {isa = PBXFileReference; fileEncoding = 4; lastKnownFileType = sourcecode.c.h; path = IFMessageRouter.h; sourceTree = "<group>"; };
		07D760F11D9578CC0043F371 /* IFObjectConfigurer.h */ = {isa = PBXFileReference; fileEncoding = 4; lastKnownFileType = sourcecode.c.h; path = IFObjectConfigurer.h; sourceTree = "<group>"; };
		07D760F21D9578CC0043F371 /* IFObjectConfigurer.m */ = {isa = PBXFileReference; fileEncoding = 4; lastKnownFileType = sourcecode.c.objc; path = IFObjectConfigurer.m; sourceTree = "<group>"; };
		07D760F31D9578CC0043F371 /* IFPendingNamed.h */ = {isa = PBXFileReference; fileEncoding = 4; lastKnownFileType = sourcecode.c.h; path = IFPendingNamed.h; sourceTree = "<group>"; };
		07D760F41D9578CC0043F371 /* IFPendingNamed.m */ = {isa = PBXFileReference; fileEncoding = 4; lastKnownFileType = sourcecode.c.objc; path = IFPendingNamed.m; sourceTree = "<group>"; };
		07D760F51D9578CC0043F371 /* IFService.h */ = {isa = PBXFileReference; fileEncoding = 4; lastKnownFileType = sourcecode.c.h; path = IFService.h; sourceTree = "<group>"; };
		07D760F61D9578CC0043F371 /* IFValues.h */ = {isa = PBXFileReference; fileEncoding = 4; lastKnownFileType = sourcecode.c.h; path = IFValues.h; sourceTree = "<group>"; };
		07D760F71D9578CC0043F371 /* NSDictionary+IFValues.h */ = {isa = PBXFileReference; fileEncoding = 4; lastKnownFileType = sourcecode.c.h; path = "NSDictionary+IFValues.h"; sourceTree = "<group>"; };
		07D760F81D9578CC0043F371 /* NSDictionary+IFValues.m */ = {isa = PBXFileReference; fileEncoding = 4; lastKnownFileType = sourcecode.c.objc; path = "NSDictionary+IFValues.m"; sourceTree = "<group>"; };
/* End PBXFileReference section */

/* Begin PBXFrameworksBuildPhase section */
		07BD8A1C1C7651930058D7A8 /* Frameworks */ = {
			isa = PBXFrameworksBuildPhase;
			buildActionMask = 2147483647;
			files = (
				07BD8A2E1C7653260058D7A8 /* Foundation.framework in Frameworks */,
				07BD8A2C1C76531C0058D7A8 /* UIKit.framework in Frameworks */,
			);
			runOnlyForDeploymentPostprocessing = 0;
		};
/* End PBXFrameworksBuildPhase section */

/* Begin PBXGroup section */
		072DA4931C848D680023FAEC /* JTSImageViewController */ = {
			isa = PBXGroup;
			children = (
				072DA4941C848D680023FAEC /* JTSAnimatedGIFUtility.h */,
				072DA4951C848D680023FAEC /* JTSAnimatedGIFUtility.m */,
				072DA4961C848D680023FAEC /* JTSImageInfo.h */,
				072DA4971C848D680023FAEC /* JTSImageInfo.m */,
				072DA4981C848D680023FAEC /* JTSImageViewController.h */,
				072DA4991C848D680023FAEC /* JTSImageViewController.m */,
				072DA49A1C848D680023FAEC /* JTSSimpleImageDownloader.h */,
				072DA49B1C848D680023FAEC /* JTSSimpleImageDownloader.m */,
				072DA49C1C848D680023FAEC /* UIApplication+JTSImageViewController.h */,
				072DA49D1C848D680023FAEC /* UIApplication+JTSImageViewController.m */,
				072DA49E1C848D680023FAEC /* UIImage+JTSImageEffects.h */,
				072DA49F1C848D680023FAEC /* UIImage+JTSImageEffects.m */,
			);
			name = JTSImageViewController;
			path = Externals/JTSImageViewController;
			sourceTree = SOURCE_ROOT;
		};
		07BD8A161C7651930058D7A8 = {
			isa = PBXGroup;
			children = (
				07BD8A221C7651930058D7A8 /* SCFFLD */,
				07BD8B061C7653D30058D7A8 /* Externals */,
				07BD8B5F1C76553E0058D7A8 /* Frameworks */,
				07BD8A211C7651930058D7A8 /* Products */,
			);
			sourceTree = "<group>";
		};
		07BD8A211C7651930058D7A8 /* Products */ = {
			isa = PBXGroup;
			children = (
				07BD8A201C7651930058D7A8 /* SCFFLD.framework */,
			);
			name = Products;
			sourceTree = "<group>";
		};
		07BD8A221C7651930058D7A8 /* SCFFLD */ = {
			isa = PBXGroup;
			children = (
				076DA4881DA660AE00E63F0D /* SCFFLD-app.h */,
				076DA4891DA660AE00E63F0D /* SCFFLD-ioc.h */,
				076DA48A1DA660AE00E63F0D /* SCFFLD-ui.h */,
				076DA48B1DA660AE00E63F0D /* SCFFLD-uri.h */,
				076DA48C1DA660AE00E63F0D /* SCFFLD-util.h */,
				07BD8B531C7654ED0058D7A8 /* Info.plist */,
				07BD8B541C7654ED0058D7A8 /* SCFFLD-Info.plist */,
				07BD8B551C7654ED0058D7A8 /* SCFFLD-Prefix.pch */,
				07BD8B581C7654ED0058D7A8 /* TODO */,
				07BD8B051C7653B90058D7A8 /* util */,
				07BD8ACA1C76539E0058D7A8 /* uri */,
				07D760D51D9578CC0043F371 /* ioc */,
				07BD8A8A1C76536D0058D7A8 /* app */,
				07BD8AA71C7653840058D7A8 /* ui */,
			);
			path = SCFFLD;
			sourceTree = "<group>";
		};
		07BD8A8A1C76536D0058D7A8 /* app */ = {
			isa = PBXGroup;
			children = (
				07BD8A651C7653670058D7A8 /* IFAppContainer.h */,
				07BD8A661C7653670058D7A8 /* IFAppContainer.m */,
				07190CAE1C8054A400CE8F22 /* IFPostScheme.h */,
				07190CAF1C8054A400CE8F22 /* IFPostScheme.m */,
				07BD8A6B1C7653670058D7A8 /* IFMakeScheme.h */,
				07BD8A6C1C7653670058D7A8 /* IFMakeScheme.m */,
				07BD8A6D1C7653670058D7A8 /* IFNamedScheme.h */,
				07BD8A6E1C7653670058D7A8 /* IFNamedScheme.m */,
				07BD8A6F1C7653670058D7A8 /* IFNewScheme.h */,
				07BD8A701C7653670058D7A8 /* IFNewScheme.m */,
			);
			name = app;
			sourceTree = "<group>";
		};
		07BD8AA71C7653840058D7A8 /* ui */ = {
			isa = PBXGroup;
			children = (
				07933F0A1C8F8A8F003D6227 /* IFActionProxy.h */,
				07BD8A8B1C76537E0058D7A8 /* IFNavigationViewController.h */,
				07BD8A8C1C76537E0058D7A8 /* IFNavigationViewController.m */,
				07BD8A8D1C76537E0058D7A8 /* IFSlideViewController.h */,
				07BD8A8E1C76537E0058D7A8 /* IFSlideViewController.m */,
				07BD8A8F1C76537E0058D7A8 /* IFTableData.h */,
				07BD8A901C76537E0058D7A8 /* IFTableData.m */,
				07BD8A911C76537E0058D7A8 /* IFTableViewCellFactory.h */,
				07BD8A921C76537E0058D7A8 /* IFTableViewCellFactory.m */,
				07BD8A931C76537E0058D7A8 /* IFTableViewController.h */,
				07BD8A941C76537E0058D7A8 /* IFTableViewController.m */,
				07933EFC1C8F7DF2003D6227 /* IFTextStyle.h */,
				07933EFD1C8F7DF2003D6227 /* IFTextStyle.m */,
				07933F041C8F801C003D6227 /* IFUIBarButtonItemProxy.h */,
				07933F051C8F801C003D6227 /* IFUIBarButtonItemProxy.m */,
				07933EF41C8A588B003D6227 /* IFUILabelProxy.h */,
				07933EF51C8A588B003D6227 /* IFUILabelProxy.m */,
				07933F001C8F7EE8003D6227 /* IFUITextFieldProxy.h */,
				07933F011C8F7EE8003D6227 /* IFUITextFieldProxy.m */,
				074C3DC21C944D32009BBEEF /* IFViewBehaviour.h */,
				074C3DC41C944FC3009BBEEF /* IFViewBehaviourObject.h */,
				074C3DC51C944FC3009BBEEF /* IFViewBehaviourObject.m */,
				07BD8A951C76537E0058D7A8 /* IFViewController.h */,
				07BD8A961C76537E0058D7A8 /* IFViewController.m */,
				07BD8A971C76537E0058D7A8 /* IFWebViewController.h */,
				07BD8A981C76537E0058D7A8 /* IFWebViewController.m */,
				072DA4B01C8491070023FAEC /* UIImage+CropScale.h */,
				072DA4B11C8491070023FAEC /* UIImage+CropScale.m */,
				072DA4AC1C848E4B0023FAEC /* UIViewController+ImageView.h */,
				072DA4AD1C848E4B0023FAEC /* UIViewController+ImageView.m */,
				072DA4B21C8491070023FAEC /* UIViewController+Toast.h */,
				072DA4B31C8491070023FAEC /* UIViewController+Toast.m */,
			);
			name = ui;
			sourceTree = "<group>";
		};
		07BD8ACA1C76539E0058D7A8 /* uri */ = {
			isa = PBXGroup;
			children = (
				07BD8AA81C7653930058D7A8 /* IFCompoundURI.h */,
				07BD8AA91C7653930058D7A8 /* IFCompoundURI.m */,
				071463801E312082005263CF /* IFDirmapSchemeHandler.h */,
				071463811E312082005263CF /* IFDirmapSchemeHandler.m */,
				07BD8AAA1C7653930058D7A8 /* IFFileBasedSchemeHandler.h */,
				07BD8AAB1C7653930058D7A8 /* IFFileBasedSchemeHandler.m */,
				07BD8AAC1C7653930058D7A8 /* IFFileResource.h */,
				07BD8AAD1C7653930058D7A8 /* IFFileResource.m */,
				07BD8AAE1C7653930058D7A8 /* IFLocalSchemeHandler.h */,
				07BD8AAF1C7653930058D7A8 /* IFLocalSchemeHandler.m */,
				07BD8AB01C7653930058D7A8 /* IFReprSchemeHandler.h */,
				07BD8AB11C7653930058D7A8 /* IFReprSchemeHandler.m */,
				07BD8AB21C7653930058D7A8 /* IFResource.h */,
				07BD8AB31C7653930058D7A8 /* IFResource.m */,
				07BD8AB41C7653930058D7A8 /* IFStandardURIHandler.h */,
				07BD8AB51C7653930058D7A8 /* IFStandardURIHandler.m */,
				07BD8AB61C7653930058D7A8 /* IFStringSchemeHandler.h */,
				07BD8AB71C7653930058D7A8 /* IFStringSchemeHandler.m */,
				07BD8AB81C7653930058D7A8 /* IFURIHandling.h */,
				078BBBD81CBED3EB00E4DE02 /* IFURIValueFormatter.h */,
			);
			name = uri;
			sourceTree = "<group>";
		};
		07BD8B051C7653B90058D7A8 /* util */ = {
			isa = PBXGroup;
			children = (
				07BD8ACB1C7653AD0058D7A8 /* IFFileIO.h */,
				07BD8ACC1C7653AD0058D7A8 /* IFFileIO.m */,
				07BD8ACF1C7653AD0058D7A8 /* IFI18nMap.h */,
				07BD8AD01C7653AD0058D7A8 /* IFI18nMap.m */,
				07BD8AD31C7653AD0058D7A8 /* IFLocals.h */,
				07BD8AD41C7653AD0058D7A8 /* IFLocals.m */,
				07BD8AD51C7653AD0058D7A8 /* IFLogger.h */,
				07BD8AD61C7653AD0058D7A8 /* IFLogger.m */,
				07BD8AD81C7653AD0058D7A8 /* IFRegExp.h */,
				07BD8AD91C7653AD0058D7A8 /* IFRegExp.m */,
				07BD8ADA1C7653AD0058D7A8 /* IFStringTemplate.h */,
				07BD8ADB1C7653AD0058D7A8 /* IFStringTemplate.m */,
				07BD8ADC1C7653AD0058D7A8 /* IFTypeConversions.h */,
				07BD8ADD1C7653AD0058D7A8 /* IFTypeConversions.m */,
				07BD8ADE1C7653AD0058D7A8 /* IFTypeInfo.h */,
				07BD8ADF1C7653AD0058D7A8 /* IFTypeInfo.m */,
				07BD8AE01C7653AD0058D7A8 /* NSArray+IF.h */,
				07BD8AE11C7653AD0058D7A8 /* NSArray+IF.m */,
				07BD8AE21C7653AD0058D7A8 /* NSDictionary+IF.h */,
				07BD8AE31C7653AD0058D7A8 /* NSDictionary+IF.m */,
				07BD8AE41C7653AD0058D7A8 /* NSString+IF.h */,
				07BD8AE51C7653AD0058D7A8 /* NSString+IF.m */,
				07BD8AE61C7653AD0058D7A8 /* UIColor+IF.h */,
				07BD8AE71C7653AD0058D7A8 /* UIColor+IF.m */,
			);
			name = util;
			sourceTree = "<group>";
		};
		07BD8B061C7653D30058D7A8 /* Externals */ = {
			isa = PBXGroup;
			children = (
				072DA4931C848D680023FAEC /* JTSImageViewController */,
				07BD8B271C7653FC0058D7A8 /* ISO8601DateFormatter */,
				07BD8B2A1C7653FC0058D7A8 /* JSONKit */,
				07BD8B2D1C7653FC0058D7A8 /* SWRevealViewController */,
				07BD8B301C7653FC0058D7A8 /* Toast */,
				07BD8B331C7653FC0058D7A8 /* ZipArchive */,
			);
			name = Externals;
			path = SCFFLD;
			sourceTree = "<group>";
		};
		07BD8B271C7653FC0058D7A8 /* ISO8601DateFormatter */ = {
			isa = PBXGroup;
			children = (
				07BD8B281C7653FC0058D7A8 /* ISO8601DateFormatter.h */,
				07BD8B291C7653FC0058D7A8 /* ISO8601DateFormatter.m */,
			);
			name = ISO8601DateFormatter;
			path = Externals/ISO8601DateFormatter;
			sourceTree = SOURCE_ROOT;
		};
		07BD8B2A1C7653FC0058D7A8 /* JSONKit */ = {
			isa = PBXGroup;
			children = (
				07BD8B2B1C7653FC0058D7A8 /* JSONKit.h */,
				07BD8B2C1C7653FC0058D7A8 /* JSONKit.m */,
			);
			name = JSONKit;
			path = Externals/JSONKit;
			sourceTree = SOURCE_ROOT;
		};
		07BD8B2D1C7653FC0058D7A8 /* SWRevealViewController */ = {
			isa = PBXGroup;
			children = (
				07BD8B2E1C7653FC0058D7A8 /* SWRevealViewController.h */,
				07BD8B2F1C7653FC0058D7A8 /* SWRevealViewController.m */,
			);
			name = SWRevealViewController;
			path = Externals/SWRevealViewController;
			sourceTree = SOURCE_ROOT;
		};
		07BD8B301C7653FC0058D7A8 /* Toast */ = {
			isa = PBXGroup;
			children = (
				07BD8B311C7653FC0058D7A8 /* UIView+Toast.h */,
				07BD8B321C7653FC0058D7A8 /* UIView+Toast.m */,
			);
			name = Toast;
			path = Externals/Toast;
			sourceTree = SOURCE_ROOT;
		};
		07BD8B331C7653FC0058D7A8 /* ZipArchive */ = {
			isa = PBXGroup;
			children = (
				07BD8B341C7653FC0058D7A8 /* minizip */,
				07BD8B3E1C7653FC0058D7A8 /* ZipArchive.h */,
				07BD8B3F1C7653FC0058D7A8 /* ZipArchive.mm */,
			);
			name = ZipArchive;
			path = Externals/ZipArchive;
			sourceTree = SOURCE_ROOT;
		};
		07BD8B341C7653FC0058D7A8 /* minizip */ = {
			isa = PBXGroup;
			children = (
				07BD8B351C7653FC0058D7A8 /* crypt.h */,
				07BD8B361C7653FC0058D7A8 /* ioapi.c */,
				07BD8B371C7653FC0058D7A8 /* ioapi.h */,
				07BD8B381C7653FC0058D7A8 /* mztools.c */,
				07BD8B391C7653FC0058D7A8 /* mztools.h */,
				07BD8B3A1C7653FC0058D7A8 /* unzip.c */,
				07BD8B3B1C7653FC0058D7A8 /* unzip.h */,
				07BD8B3C1C7653FC0058D7A8 /* zip.c */,
				07BD8B3D1C7653FC0058D7A8 /* zip.h */,
			);
			path = minizip;
			sourceTree = "<group>";
		};
		07BD8B5F1C76553E0058D7A8 /* Frameworks */ = {
			isa = PBXGroup;
			children = (
				07BD8B641C7658AF0058D7A8 /* libz.tbd */,
				07BD8A2D1C7653260058D7A8 /* Foundation.framework */,
				07BD8A2B1C76531C0058D7A8 /* UIKit.framework */,
			);
			name = Frameworks;
			sourceTree = "<group>";
		};
		07D760D51D9578CC0043F371 /* ioc */ = {
			isa = PBXGroup;
			children = (
				07D760D61D9578CC0043F371 /* IFConfigurable.h */,
				07D760D71D9578CC0043F371 /* IFConfiguration.h */,
				07D760D81D9578CC0043F371 /* IFConfiguration.m */,
				07D760D91D9578CC0043F371 /* IFConfiguredLocals.h */,
				07D760DA1D9578CC0043F371 /* IFConfiguredLocals.m */,
				07D760DB1D9578CC0043F371 /* IFContainer.h */,
				07D760DC1D9578CC0043F371 /* IFContainer.m */,
				07D760DD1D9578CC0043F371 /* IFCoreTypes.h */,
				07D760DE1D9578CC0043F371 /* IFCoreTypes.m */,
				07D760DF1D9578CC0043F371 /* IFIOCConfigurationAware.h */,
				07D760E01D9578CC0043F371 /* IFIOCConfigurationInitable.h */,
				07D760E21D9578CC0043F371 /* IFIOCContainerAware.h */,
				07D760E31D9578CC0043F371 /* IFIOCObjectAware.h */,
				07D760E41D9578CC0043F371 /* IFIOCObjectFactory.h */,
				07D760E51D9578CC0043F371 /* IFIOCObjectFactoryBase.h */,
				07D760E61D9578CC0043F371 /* IFIOCObjectFactoryBase.m */,
				07D760E71D9578CC0043F371 /* IFIOCProxy.h */,
				07D760E81D9578CC0043F371 /* IFIOCProxyObject.h */,
				07D760E91D9578CC0043F371 /* IFIOCProxyObject.m */,
				077C195B1D9C0D4A00783E9D /* IFIOCSingleton.h */,
				07D760EA1D9578CC0043F371 /* IFIOCTypeInspectable.h */,
				07D760EB1D9578CC0043F371 /* IFJSONData.h */,
				07D760EC1D9578CC0043F371 /* IFJSONData.m */,
				07D760ED1D9578CC0043F371 /* IFMessage.h */,
				07D760EE1D9578CC0043F371 /* IFMessage.m */,
				07D760EF1D9578CC0043F371 /* IFMessageReceiver.h */,
				07D760F01D9578CC0043F371 /* IFMessageRouter.h */,
				07D760F11D9578CC0043F371 /* IFObjectConfigurer.h */,
				07D760F21D9578CC0043F371 /* IFObjectConfigurer.m */,
				07D760F31D9578CC0043F371 /* IFPendingNamed.h */,
				07D760F41D9578CC0043F371 /* IFPendingNamed.m */,
				07D760F51D9578CC0043F371 /* IFService.h */,
				07D760F61D9578CC0043F371 /* IFValues.h */,
				07D760F71D9578CC0043F371 /* NSDictionary+IFValues.h */,
				07D760F81D9578CC0043F371 /* NSDictionary+IFValues.m */,
			);
			path = ioc;
			sourceTree = SOURCE_ROOT;
		};
/* End PBXGroup section */

/* Begin PBXHeadersBuildPhase section */
		07BD8A1D1C7651930058D7A8 /* Headers */ = {
			isa = PBXHeadersBuildPhase;
			buildActionMask = 2147483647;
			files = (
				072DA4AA1C848D680023FAEC /* UIImage+JTSImageEffects.h in Headers */,
				07D761101D9578CC0043F371 /* IFMessage.h in Headers */,
				07D761021D9578CC0043F371 /* IFIOCConfigurationAware.h in Headers */,
				07933F0B1C8F8A8F003D6227 /* IFActionProxy.h in Headers */,
				07D761001D9578CC0043F371 /* IFCoreTypes.h in Headers */,
				07BD8AF01C7653AD0058D7A8 /* IFLocals.h in Headers */,
				07BD8B441C7653FC0058D7A8 /* SWRevealViewController.h in Headers */,
				07D761061D9578CC0043F371 /* IFIOCObjectAware.h in Headers */,
				07D760FE1D9578CC0043F371 /* IFContainer.h in Headers */,
				07BD8AA11C76537E0058D7A8 /* IFTableViewController.h in Headers */,
				07D761031D9578CC0043F371 /* IFIOCConfigurationInitable.h in Headers */,
				07D760FC1D9578CC0043F371 /* IFConfiguredLocals.h in Headers */,
				072DA4A61C848D680023FAEC /* JTSSimpleImageDownloader.h in Headers */,
				07BD8A821C7653670058D7A8 /* IFNewScheme.h in Headers */,
				076DA48D1DA660AE00E63F0D /* SCFFLD-app.h in Headers */,
				074C3DC61C944FC3009BBEEF /* IFViewBehaviourObject.h in Headers */,
				07BD8AA31C76537E0058D7A8 /* IFViewController.h in Headers */,
				072DA4A81C848D680023FAEC /* UIApplication+JTSImageViewController.h in Headers */,
				07BD8AC51C7653930058D7A8 /* IFStandardURIHandler.h in Headers */,
				07BD8B011C7653AD0058D7A8 /* NSString+IF.h in Headers */,
				076DA4911DA660AE00E63F0D /* SCFFLD-util.h in Headers */,
				07D7610B1D9578CC0043F371 /* IFIOCProxyObject.h in Headers */,
				07D761141D9578CC0043F371 /* IFObjectConfigurer.h in Headers */,
				076DA48F1DA660AE00E63F0D /* SCFFLD-ui.h in Headers */,
				072DA4A41C848D680023FAEC /* JTSImageViewController.h in Headers */,
				072DA4B61C8491070023FAEC /* UIViewController+Toast.h in Headers */,
				07BD8AFD1C7653AD0058D7A8 /* NSArray+IF.h in Headers */,
				07BD8AB91C7653930058D7A8 /* IFCompoundURI.h in Headers */,
				07933EFE1C8F7DF2003D6227 /* IFTextStyle.h in Headers */,
				07BD8AA51C76537E0058D7A8 /* IFWebViewController.h in Headers */,
				07BD8AEC1C7653AD0058D7A8 /* IFI18nMap.h in Headers */,
				072DA4B41C8491070023FAEC /* UIImage+CropScale.h in Headers */,
				07D7610A1D9578CC0043F371 /* IFIOCProxy.h in Headers */,
				07BD8A9D1C76537E0058D7A8 /* IFTableData.h in Headers */,
				07BD8ABF1C7653930058D7A8 /* IFLocalSchemeHandler.h in Headers */,
				07BD8AF71C7653AD0058D7A8 /* IFStringTemplate.h in Headers */,
				07D7611A1D9578CC0043F371 /* NSDictionary+IFValues.h in Headers */,
				07BD8AF21C7653AD0058D7A8 /* IFLogger.h in Headers */,
				07933EF61C8A588B003D6227 /* IFUILabelProxy.h in Headers */,
				07BD8A781C7653670058D7A8 /* IFAppContainer.h in Headers */,
				07BD8B031C7653AD0058D7A8 /* UIColor+IF.h in Headers */,
				077C195C1D9C0D4A00783E9D /* IFIOCSingleton.h in Headers */,
				07933F021C8F7EE8003D6227 /* IFUITextFieldProxy.h in Headers */,
				07BD8B4C1C7653FC0058D7A8 /* mztools.h in Headers */,
				076DA4901DA660AE00E63F0D /* SCFFLD-uri.h in Headers */,
				07BD8B501C7653FC0058D7A8 /* zip.h in Headers */,
				07BD8B4E1C7653FC0058D7A8 /* unzip.h in Headers */,
				07BD8A9B1C76537E0058D7A8 /* IFSlideViewController.h in Headers */,
				07D7610E1D9578CC0043F371 /* IFJSONData.h in Headers */,
				07BD8B481C7653FC0058D7A8 /* crypt.h in Headers */,
				07BD8A991C76537E0058D7A8 /* IFNavigationViewController.h in Headers */,
				071463821E312082005263CF /* IFDirmapSchemeHandler.h in Headers */,
				07D760F91D9578CC0043F371 /* IFConfigurable.h in Headers */,
				07BD8B4A1C7653FC0058D7A8 /* ioapi.h in Headers */,
				07BD8B511C7653FC0058D7A8 /* ZipArchive.h in Headers */,
				074C3DC31C944D32009BBEEF /* IFViewBehaviour.h in Headers */,
				07BD8AF91C7653AD0058D7A8 /* IFTypeConversions.h in Headers */,
				07BD8AC71C7653930058D7A8 /* IFStringSchemeHandler.h in Headers */,
				07BD8AC11C7653930058D7A8 /* IFReprSchemeHandler.h in Headers */,
				078BBBD91CBED3EB00E4DE02 /* IFURIValueFormatter.h in Headers */,
				07BD8AC91C7653930058D7A8 /* IFURIHandling.h in Headers */,
				07BD8ABD1C7653930058D7A8 /* IFFileResource.h in Headers */,
				07BD8AFF1C7653AD0058D7A8 /* NSDictionary+IF.h in Headers */,
				072DA4AE1C848E4B0023FAEC /* UIViewController+ImageView.h in Headers */,
				07BD8AE81C7653AD0058D7A8 /* IFFileIO.h in Headers */,
				07BD8A7E1C7653670058D7A8 /* IFMakeScheme.h in Headers */,
				072DA4A21C848D680023FAEC /* JTSImageInfo.h in Headers */,
				07BD8A9F1C76537E0058D7A8 /* IFTableViewCellFactory.h in Headers */,
				07D761131D9578CC0043F371 /* IFMessageRouter.h in Headers */,
				07D760FA1D9578CC0043F371 /* IFConfiguration.h in Headers */,
				07D761121D9578CC0043F371 /* IFMessageReceiver.h in Headers */,
				07D761161D9578CC0043F371 /* IFPendingNamed.h in Headers */,
				07BD8B421C7653FC0058D7A8 /* JSONKit.h in Headers */,
				07D761071D9578CC0043F371 /* IFIOCObjectFactory.h in Headers */,
				07D761081D9578CC0043F371 /* IFIOCObjectFactoryBase.h in Headers */,
				07BD8ABB1C7653930058D7A8 /* IFFileBasedSchemeHandler.h in Headers */,
				07BD8B5B1C7654ED0058D7A8 /* SCFFLD-Prefix.pch in Headers */,
				07933F061C8F801C003D6227 /* IFUIBarButtonItemProxy.h in Headers */,
				07D7610D1D9578CC0043F371 /* IFIOCTypeInspectable.h in Headers */,
				072DA4A01C848D680023FAEC /* JTSAnimatedGIFUtility.h in Headers */,
				07BD8AC31C7653930058D7A8 /* IFResource.h in Headers */,
				07190CB11C8054A400CE8F22 /* IFPostScheme.h in Headers */,
				07BD8B461C7653FC0058D7A8 /* UIView+Toast.h in Headers */,
				07BD8B401C7653FC0058D7A8 /* ISO8601DateFormatter.h in Headers */,
				07BD8AFB1C7653AD0058D7A8 /* IFTypeInfo.h in Headers */,
				07D761181D9578CC0043F371 /* IFService.h in Headers */,
				07BD8AF51C7653AD0058D7A8 /* IFRegExp.h in Headers */,
				07D761051D9578CC0043F371 /* IFIOCContainerAware.h in Headers */,
				07BD8A801C7653670058D7A8 /* IFNamedScheme.h in Headers */,
				076DA48E1DA660AE00E63F0D /* SCFFLD-ioc.h in Headers */,
				07D761191D9578CC0043F371 /* IFValues.h in Headers */,
			);
			runOnlyForDeploymentPostprocessing = 0;
		};
/* End PBXHeadersBuildPhase section */

/* Begin PBXNativeTarget section */
		07BD8A1F1C7651930058D7A8 /* SCFFLD */ = {
			isa = PBXNativeTarget;
			buildConfigurationList = 07BD8A281C7651930058D7A8 /* Build configuration list for PBXNativeTarget "SCFFLD" */;
			buildPhases = (
				07BD8A1B1C7651930058D7A8 /* Sources */,
				07BD8A1C1C7651930058D7A8 /* Frameworks */,
				07BD8A1D1C7651930058D7A8 /* Headers */,
				07BD8A1E1C7651930058D7A8 /* Resources */,
			);
			buildRules = (
			);
			dependencies = (
			);
			name = SCFFLD;
			productName = SCFFLD;
			productReference = 07BD8A201C7651930058D7A8 /* SCFFLD.framework */;
			productType = "com.apple.product-type.framework";
		};
/* End PBXNativeTarget section */

/* Begin PBXProject section */
		07BD8A171C7651930058D7A8 /* Project object */ = {
			isa = PBXProject;
			attributes = {
				LastUpgradeCheck = 0710;
				ORGANIZATIONNAME = InnerFunction;
				TargetAttributes = {
					07BD8A1F1C7651930058D7A8 = {
						CreatedOnToolsVersion = 7.1;
					};
				};
			};
			buildConfigurationList = 07BD8A1A1C7651930058D7A8 /* Build configuration list for PBXProject "SCFFLD" */;
			compatibilityVersion = "Xcode 3.2";
			developmentRegion = English;
			hasScannedForEncodings = 0;
			knownRegions = (
				en,
			);
			mainGroup = 07BD8A161C7651930058D7A8;
			productRefGroup = 07BD8A211C7651930058D7A8 /* Products */;
			projectDirPath = "";
			projectRoot = "";
			targets = (
				07BD8A1F1C7651930058D7A8 /* SCFFLD */,
			);
		};
/* End PBXProject section */

/* Begin PBXResourcesBuildPhase section */
		07BD8A1E1C7651930058D7A8 /* Resources */ = {
			isa = PBXResourcesBuildPhase;
			buildActionMask = 2147483647;
			files = (
			);
			runOnlyForDeploymentPostprocessing = 0;
		};
/* End PBXResourcesBuildPhase section */

/* Begin PBXSourcesBuildPhase section */
		07BD8A1B1C7651930058D7A8 /* Sources */ = {
			isa = PBXSourcesBuildPhase;
			buildActionMask = 2147483647;
			files = (
				07BD8AF31C7653AD0058D7A8 /* IFLogger.m in Sources */,
				07BD8A791C7653670058D7A8 /* IFAppContainer.m in Sources */,
				07BD8A811C7653670058D7A8 /* IFNamedScheme.m in Sources */,
				07BD8AA21C76537E0058D7A8 /* IFTableViewController.m in Sources */,
				072DA4A31C848D680023FAEC /* JTSImageInfo.m in Sources */,
				07BD8B4D1C7653FC0058D7A8 /* unzip.c in Sources */,
				07BD8B041C7653AD0058D7A8 /* UIColor+IF.m in Sources */,
				07BD8AA01C76537E0058D7A8 /* IFTableViewCellFactory.m in Sources */,
				07BD8AF81C7653AD0058D7A8 /* IFStringTemplate.m in Sources */,
				07BD8AC21C7653930058D7A8 /* IFReprSchemeHandler.m in Sources */,
				07BD8AC41C7653930058D7A8 /* IFResource.m in Sources */,
				07D7610C1D9578CC0043F371 /* IFIOCProxyObject.m in Sources */,
				07933F031C8F7EE8003D6227 /* IFUITextFieldProxy.m in Sources */,
				07D761151D9578CC0043F371 /* IFObjectConfigurer.m in Sources */,
				07D761011D9578CC0043F371 /* IFCoreTypes.m in Sources */,
				07933EF71C8A588B003D6227 /* IFUILabelProxy.m in Sources */,
				07BD8AED1C7653AD0058D7A8 /* IFI18nMap.m in Sources */,
				07933F071C8F801C003D6227 /* IFUIBarButtonItemProxy.m in Sources */,
				07D760FF1D9578CC0043F371 /* IFContainer.m in Sources */,
				072DA4AB1C848D680023FAEC /* UIImage+JTSImageEffects.m in Sources */,
				072DA4A91C848D680023FAEC /* UIApplication+JTSImageViewController.m in Sources */,
				07BD8AE91C7653AD0058D7A8 /* IFFileIO.m in Sources */,
				07BD8B4B1C7653FC0058D7A8 /* mztools.c in Sources */,
				07BD8AF61C7653AD0058D7A8 /* IFRegExp.m in Sources */,
				07D761091D9578CC0043F371 /* IFIOCObjectFactoryBase.m in Sources */,
				07BD8AC61C7653930058D7A8 /* IFStandardURIHandler.m in Sources */,
				07BD8AC81C7653930058D7A8 /* IFStringSchemeHandler.m in Sources */,
				072DA4AF1C848E4B0023FAEC /* UIViewController+ImageView.m in Sources */,
				07BD8B4F1C7653FC0058D7A8 /* zip.c in Sources */,
				072DA4B51C8491070023FAEC /* UIImage+CropScale.m in Sources */,
				07BD8ABC1C7653930058D7A8 /* IFFileBasedSchemeHandler.m in Sources */,
				07D760FB1D9578CC0043F371 /* IFConfiguration.m in Sources */,
				07BD8AFC1C7653AD0058D7A8 /* IFTypeInfo.m in Sources */,
				07BD8B521C7653FC0058D7A8 /* ZipArchive.mm in Sources */,
				07D761111D9578CC0043F371 /* IFMessage.m in Sources */,
				07BD8A9A1C76537E0058D7A8 /* IFNavigationViewController.m in Sources */,
				07BD8B021C7653AD0058D7A8 /* NSString+IF.m in Sources */,
				07D760FD1D9578CC0043F371 /* IFConfiguredLocals.m in Sources */,
				071463831E312082005263CF /* IFDirmapSchemeHandler.m in Sources */,
				07BD8AA41C76537E0058D7A8 /* IFViewController.m in Sources */,
				072DA4A11C848D680023FAEC /* JTSAnimatedGIFUtility.m in Sources */,
				07BD8A9C1C76537E0058D7A8 /* IFSlideViewController.m in Sources */,
				07BD8ABA1C7653930058D7A8 /* IFCompoundURI.m in Sources */,
				07D7610F1D9578CC0043F371 /* IFJSONData.m in Sources */,
				07BD8B001C7653AD0058D7A8 /* NSDictionary+IF.m in Sources */,
				07BD8AC01C7653930058D7A8 /* IFLocalSchemeHandler.m in Sources */,
				072DA4B71C8491070023FAEC /* UIViewController+Toast.m in Sources */,
				074C3DC71C944FC3009BBEEF /* IFViewBehaviourObject.m in Sources */,
				07BD8B451C7653FC0058D7A8 /* SWRevealViewController.m in Sources */,
				07BD8ABE1C7653930058D7A8 /* IFFileResource.m in Sources */,
				07190CB21C8054A400CE8F22 /* IFPostScheme.m in Sources */,
				07BD8AA61C76537E0058D7A8 /* IFWebViewController.m in Sources */,
				07BD8B491C7653FC0058D7A8 /* ioapi.c in Sources */,
				07933EFF1C8F7DF2003D6227 /* IFTextStyle.m in Sources */,
				07BD8AFA1C7653AD0058D7A8 /* IFTypeConversions.m in Sources */,
				072DA4A71C848D680023FAEC /* JTSSimpleImageDownloader.m in Sources */,
				072DA4A51C848D680023FAEC /* JTSImageViewController.m in Sources */,
				07BD8A7F1C7653670058D7A8 /* IFMakeScheme.m in Sources */,
				07BD8A831C7653670058D7A8 /* IFNewScheme.m in Sources */,
				07BD8B471C7653FC0058D7A8 /* UIView+Toast.m in Sources */,
				07BD8AFE1C7653AD0058D7A8 /* NSArray+IF.m in Sources */,
				07BD8B411C7653FC0058D7A8 /* ISO8601DateFormatter.m in Sources */,
				07D761171D9578CC0043F371 /* IFPendingNamed.m in Sources */,
				07BD8A9E1C76537E0058D7A8 /* IFTableData.m in Sources */,
				07BD8AF11C7653AD0058D7A8 /* IFLocals.m in Sources */,
				07BD8B431C7653FC0058D7A8 /* JSONKit.m in Sources */,
				07D7611B1D9578CC0043F371 /* NSDictionary+IFValues.m in Sources */,
			);
			runOnlyForDeploymentPostprocessing = 0;
		};
/* End PBXSourcesBuildPhase section */

/* Begin XCBuildConfiguration section */
		07BD8A261C7651930058D7A8 /* Debug */ = {
			isa = XCBuildConfiguration;
			buildSettings = {
				ALWAYS_SEARCH_USER_PATHS = NO;
				CLANG_CXX_LANGUAGE_STANDARD = "gnu++0x";
				CLANG_CXX_LIBRARY = "libc++";
				CLANG_ENABLE_MODULES = YES;
				CLANG_ENABLE_OBJC_ARC = YES;
				CLANG_WARN_BOOL_CONVERSION = YES;
				CLANG_WARN_CONSTANT_CONVERSION = YES;
				CLANG_WARN_DIRECT_OBJC_ISA_USAGE = YES_ERROR;
				CLANG_WARN_EMPTY_BODY = YES;
				CLANG_WARN_ENUM_CONVERSION = YES;
				CLANG_WARN_INT_CONVERSION = YES;
				CLANG_WARN_OBJC_ROOT_CLASS = YES_ERROR;
				CLANG_WARN_UNREACHABLE_CODE = YES;
				CLANG_WARN__DUPLICATE_METHOD_MATCH = YES;
				"CODE_SIGN_IDENTITY[sdk=iphoneos*]" = "iPhone Developer";
				COPY_PHASE_STRIP = NO;
				CURRENT_PROJECT_VERSION = 1;
				DEBUG_INFORMATION_FORMAT = dwarf;
				ENABLE_STRICT_OBJC_MSGSEND = YES;
				ENABLE_TESTABILITY = YES;
				GCC_C_LANGUAGE_STANDARD = gnu99;
				GCC_DYNAMIC_NO_PIC = NO;
				GCC_NO_COMMON_BLOCKS = YES;
				GCC_OPTIMIZATION_LEVEL = 0;
				GCC_PREPROCESSOR_DEFINITIONS = (
					"DEBUG=1",
					"$(inherited)",
				);
				GCC_WARN_64_TO_32_BIT_CONVERSION = YES;
				GCC_WARN_ABOUT_RETURN_TYPE = YES_ERROR;
				GCC_WARN_UNDECLARED_SELECTOR = YES;
				GCC_WARN_UNINITIALIZED_AUTOS = YES_AGGRESSIVE;
				GCC_WARN_UNUSED_FUNCTION = YES;
				GCC_WARN_UNUSED_VARIABLE = YES;
				IPHONEOS_DEPLOYMENT_TARGET = 9.1;
				MTL_ENABLE_DEBUG_INFO = YES;
				ONLY_ACTIVE_ARCH = YES;
				SDKROOT = iphoneos;
				TARGETED_DEVICE_FAMILY = "1,2";
				VERSIONING_SYSTEM = "apple-generic";
				VERSION_INFO_PREFIX = "";
			};
			name = Debug;
		};
		07BD8A271C7651930058D7A8 /* Release */ = {
			isa = XCBuildConfiguration;
			buildSettings = {
				ALWAYS_SEARCH_USER_PATHS = NO;
				CLANG_CXX_LANGUAGE_STANDARD = "gnu++0x";
				CLANG_CXX_LIBRARY = "libc++";
				CLANG_ENABLE_MODULES = YES;
				CLANG_ENABLE_OBJC_ARC = YES;
				CLANG_WARN_BOOL_CONVERSION = YES;
				CLANG_WARN_CONSTANT_CONVERSION = YES;
				CLANG_WARN_DIRECT_OBJC_ISA_USAGE = YES_ERROR;
				CLANG_WARN_EMPTY_BODY = YES;
				CLANG_WARN_ENUM_CONVERSION = YES;
				CLANG_WARN_INT_CONVERSION = YES;
				CLANG_WARN_OBJC_ROOT_CLASS = YES_ERROR;
				CLANG_WARN_UNREACHABLE_CODE = YES;
				CLANG_WARN__DUPLICATE_METHOD_MATCH = YES;
				"CODE_SIGN_IDENTITY[sdk=iphoneos*]" = "iPhone Developer";
				COPY_PHASE_STRIP = NO;
				CURRENT_PROJECT_VERSION = 1;
				DEBUG_INFORMATION_FORMAT = "dwarf-with-dsym";
				ENABLE_NS_ASSERTIONS = NO;
				ENABLE_STRICT_OBJC_MSGSEND = YES;
				GCC_C_LANGUAGE_STANDARD = gnu99;
				GCC_NO_COMMON_BLOCKS = YES;
				GCC_WARN_64_TO_32_BIT_CONVERSION = YES;
				GCC_WARN_ABOUT_RETURN_TYPE = YES_ERROR;
				GCC_WARN_UNDECLARED_SELECTOR = YES;
				GCC_WARN_UNINITIALIZED_AUTOS = YES_AGGRESSIVE;
				GCC_WARN_UNUSED_FUNCTION = YES;
				GCC_WARN_UNUSED_VARIABLE = YES;
				IPHONEOS_DEPLOYMENT_TARGET = 9.1;
				MTL_ENABLE_DEBUG_INFO = NO;
				SDKROOT = iphoneos;
				TARGETED_DEVICE_FAMILY = "1,2";
				VALIDATE_PRODUCT = YES;
				VERSIONING_SYSTEM = "apple-generic";
				VERSION_INFO_PREFIX = "";
			};
			name = Release;
		};
		07BD8A291C7651930058D7A8 /* Debug */ = {
			isa = XCBuildConfiguration;
			buildSettings = {
				DEFINES_MODULE = YES;
				DYLIB_COMPATIBILITY_VERSION = 1;
				DYLIB_CURRENT_VERSION = 1;
				DYLIB_INSTALL_NAME_BASE = "@rpath";
				FRAMEWORK_SEARCH_PATHS = "";
				HEADER_SEARCH_PATHS = "";
				INFOPLIST_FILE = "$(SRCROOT)/Info.plist";
				INSTALL_PATH = "$(LOCAL_LIBRARY_DIR)/Frameworks";
				LD_RUNPATH_SEARCH_PATHS = "$(inherited) @executable_path/Frameworks @loader_path/Frameworks";
				LIBRARY_SEARCH_PATHS = "";
				MACH_O_TYPE = staticlib;
				OTHER_LDFLAGS = "-ObjC";
				PRODUCT_BUNDLE_IDENTIFIER = com.innerfunction.SCFFLD;
				PRODUCT_NAME = "$(TARGET_NAME)";
				SKIP_INSTALL = YES;
				STRIP_INSTALLED_PRODUCT = NO;
			};
			name = Debug;
		};
		07BD8A2A1C7651930058D7A8 /* Release */ = {
			isa = XCBuildConfiguration;
			buildSettings = {
				DEFINES_MODULE = YES;
				DYLIB_COMPATIBILITY_VERSION = 1;
				DYLIB_CURRENT_VERSION = 1;
				DYLIB_INSTALL_NAME_BASE = "@rpath";
				FRAMEWORK_SEARCH_PATHS = "";
				HEADER_SEARCH_PATHS = "";
				INFOPLIST_FILE = "$(SRCROOT)/Info.plist";
				INSTALL_PATH = "$(LOCAL_LIBRARY_DIR)/Frameworks";
				LD_RUNPATH_SEARCH_PATHS = "$(inherited) @executable_path/Frameworks @loader_path/Frameworks";
				LIBRARY_SEARCH_PATHS = "";
				MACH_O_TYPE = staticlib;
				OTHER_LDFLAGS = "-ObjC";
				PRODUCT_BUNDLE_IDENTIFIER = com.innerfunction.SCFFLD;
				PRODUCT_NAME = "$(TARGET_NAME)";
				SKIP_INSTALL = YES;
				STRIP_INSTALLED_PRODUCT = NO;
			};
			name = Release;
		};
/* End XCBuildConfiguration section */

/* Begin XCConfigurationList section */
		07BD8A1A1C7651930058D7A8 /* Build configuration list for PBXProject "SCFFLD" */ = {
			isa = XCConfigurationList;
			buildConfigurations = (
				07BD8A261C7651930058D7A8 /* Debug */,
				07BD8A271C7651930058D7A8 /* Release */,
			);
			defaultConfigurationIsVisible = 0;
			defaultConfigurationName = Release;
		};
		07BD8A281C7651930058D7A8 /* Build configuration list for PBXNativeTarget "SCFFLD" */ = {
			isa = XCConfigurationList;
			buildConfigurations = (
				07BD8A291C7651930058D7A8 /* Debug */,
				07BD8A2A1C7651930058D7A8 /* Release */,
			);
			defaultConfigurationIsVisible = 0;
			defaultConfigurationName = Release;
		};
/* End XCConfigurationList section */
	};
	rootObject = 07BD8A171C7651930058D7A8 /* Project object */;
}
